{
  "version": 4,
  "terraform_version": "1.3.7",
  "serial": 115,
  "lineage": "4bfe0629-6896-2723-3f75-0a6c4362401d",
  "outputs": {
    "Cluster": {
      "value": {
        "id": "ocid1.cluster.oc1.iad.aaaaaaaasqeawrdy2jzzjbxl22bd4wqsh45dth7u5pz4rvlikcncfnnv6afa",
        "kubernetes_version": "v1.24.1",
        "name": "Anudeep_OKE_Cluster"
      },
      "type": [
        "object",
        {
          "id": "string",
          "kubernetes_version": "string",
          "name": "string"
        }
      ]
    },
    "KubeConfig": {
      "value": "---\napiVersion: v1\nkind: \"\"\nclusters:\n- name: cluster-cncfnnv6afa\n  cluster:\n    server: https://10.0.1.199:6443\n    certificate-authority-data: LS0tLS1CRUdJTiBDRVJUSUZJQ0FURS0tLS0tCk1JSURpRENDQW5DZ0F3SUJBZ0lRV1NJUkY2OXRvU1ZDckRGMEJXb3ZRakFOQmdrcWhraUc5dzBCQVFzRkFEQmUKTVE4d0RRWURWUVFEREFaTE9ITWdRMEV4Q3pBSkJnTlZCQVlUQWxWVE1ROHdEUVlEVlFRSERBWkJkWE4wYVc0eApEekFOQmdOVkJBb01Cazl5WVdOc1pURU1NQW9HQTFVRUN3d0RUMk5wTVE0d0RBWURWUVFJREFWVVpYaGhjekFlCkZ3MHlNekF6TURFeE9UQTFNVE5hRncweU9EQXpNREV4T1RBMU1UTmFNRjR4RHpBTkJnTlZCQU1NQmtzNGN5QkQKUVRFTE1Ba0dBMVVFQmhNQ1ZWTXhEekFOQmdOVkJBY01Ca0YxYzNScGJqRVBNQTBHQTFVRUNnd0dUM0poWTJ4bApNUXd3Q2dZRFZRUUxEQU5QWTJreERqQU1CZ05WQkFnTUJWUmxlR0Z6TUlJQklqQU5CZ2txaGtpRzl3MEJBUUVGCkFBT0NBUThBTUlJQkNnS0NBUUVBeFFqNk9TQ29GWEhxTGRicG5iTk1jSzYvWHgxYkFXOE9DTUc1aUUwaXc1NzcKNDl3cUQ0bDVQSmhaT2Q1MUJ3Qjkyd0xMT1NseHNUQ1VEZ1d4dlpNQjVJNGxEOWRWLzFuTE1xNGlUWUN5ckxOeApjWEV2OWt5Rmx1ZkFqV3BaZER4cWVQUE91SkRCWTREZ1NvQkxaZU1tQnhnYWk3S3ZhVTN4SnlJbnFIdTNVNHpECmxGdXhIdkJ2cmpkbHdTbkJUNml4VEs3Tm9peTVlRDljR01FL0ZaRUg1TUJ1WWYxMjhvSjZLUG9SMCt1eFAyUUMKOU13bEQ3QXk2V0czQ3lIYmFqdU1ud1VOUkYvYklldjZTcnBFWStSRW5tTW9NUUdxVE1zK3V6aFdsNlgyWi9YTwpxTk1WLy9sM0FLc3FKdDBvR3dXcXBqQ3pKVVBpbytDME8reks0YjNXdFFJREFRQUJvMEl3UURBUEJnTlZIUk1CCkFmOEVCVEFEQVFIL01BNEdBMVVkRHdFQi93UUVBd0lCQmpBZEJnTlZIUTRFRmdRVTYzMmVmM3ZHNGUrNU9lOWgKVUV0NkxLQU13VGd3RFFZSktvWklodmNOQVFFTEJRQURnZ0VCQUpXcExaaHFhZzVWOHVwMC9NbFI2YjQ2S2dvdAp4S0RKMXNsbW1xbWFlaGR2dFBvOHp6L1NIYWE2V0llWE9EdnRzM1NmYW5tUXIzMjNzUWI1eVhoZWkzSTlEMzRKCnhjdURZTzk0QlJnZnNpV2JockZhOFZLcElkRXlWUGVkMGczV3Vrb0EzYW5CNzd5ZHRsbnVaOHdJTGJtMVBFOEwKSE1OZnBkb29NZTVURFpubHhHbmFWNjQxVTFoMEQxQ0Z5TzQrUWhpc0ZSQ29Vbi95NTVnd3Nzd1gvQ3puWmR4cwp6SFJhVDhPcGo5d3pzbTlzUXJFZ2RuMzV6am9Pa1c2eTNTMlozZURrTFdZQ2FZeGU3V1FLZ0JycXhPS3lTd09rCjVaamkxVkNhRGlpUTA3ZHNDQ2M0TFY1Vms1enNvRHRjV0YrcDN0Z1A1NXlIb3JGZ2VZdnNaaGwzTW04PQotLS0tLUVORCBDRVJUSUZJQ0FURS0tLS0tCg==\nusers:\n- name: user-cncfnnv6afa\n  user:\n    exec:\n      apiVersion: client.authentication.k8s.io/v1beta1\n      command: oci\n      args:\n      - ce\n      - cluster\n      - generate-token\n      - --cluster-id\n      - ocid1.cluster.oc1.iad.aaaaaaaasqeawrdy2jzzjbxl22bd4wqsh45dth7u5pz4rvlikcncfnnv6afa\n      - --region\n      - us-ashburn-1\n      env: []\ncontexts:\n- name: context-cncfnnv6afa\n  context:\n    cluster: cluster-cncfnnv6afa\n    user: user-cncfnnv6afa\ncurrent-context: context-cncfnnv6afa\n",
      "type": "string"
    },
    "NodePool": {
      "value": {
        "id": "ocid1.nodepool.oc1.iad.aaaaaaaa7qkhptyt24wm7ctz6wxhvlj5x7k6nlaqdpjtpomw6n7whnywutka",
        "kubernetes_version": "v1.24.1",
        "name": "Anudeep_Node_Pool"
      },
      "type": [
        "object",
        {
          "id": "string",
          "kubernetes_version": "string",
          "name": "string"
        }
      ]
    }
  },
  "resources": [
    {
      "mode": "data",
      "type": "kubectl_filename_list",
      "name": "manifests",
      "provider": "provider[\"registry.terraform.io/gavinbunney/kubectl\"]",
      "instances": [
        {
          "schema_version": 0,
          "attributes": {
            "basenames": [
              "temp-061962303",
              "temp-073080803",
              "temp-084730464",
              "temp-103194516",
              "temp-161402821",
              "temp-225501127",
              "temp-327751688",
              "temp-383774427",
              "temp-521828326",
              "temp-766626450",
              "temp-970745033",
              "temp-971166733",
              "temp-979704958"
            ],
            "id": "8b46d4e70def89266a9f4bdda9bdf17018782390ba87c27feb130e3f8ad3b085",
            "matches": [
              "/var/folders/1s/9hd4n1s144l8xs08w3jvr_w80000gn/T/controller-123136108/temp-061962303",
              "/var/folders/1s/9hd4n1s144l8xs08w3jvr_w80000gn/T/controller-123136108/temp-073080803",
              "/var/folders/1s/9hd4n1s144l8xs08w3jvr_w80000gn/T/controller-123136108/temp-084730464",
              "/var/folders/1s/9hd4n1s144l8xs08w3jvr_w80000gn/T/controller-123136108/temp-103194516",
              "/var/folders/1s/9hd4n1s144l8xs08w3jvr_w80000gn/T/controller-123136108/temp-161402821",
              "/var/folders/1s/9hd4n1s144l8xs08w3jvr_w80000gn/T/controller-123136108/temp-225501127",
              "/var/folders/1s/9hd4n1s144l8xs08w3jvr_w80000gn/T/controller-123136108/temp-327751688",
              "/var/folders/1s/9hd4n1s144l8xs08w3jvr_w80000gn/T/controller-123136108/temp-383774427",
              "/var/folders/1s/9hd4n1s144l8xs08w3jvr_w80000gn/T/controller-123136108/temp-521828326",
              "/var/folders/1s/9hd4n1s144l8xs08w3jvr_w80000gn/T/controller-123136108/temp-766626450",
              "/var/folders/1s/9hd4n1s144l8xs08w3jvr_w80000gn/T/controller-123136108/temp-970745033",
              "/var/folders/1s/9hd4n1s144l8xs08w3jvr_w80000gn/T/controller-123136108/temp-971166733",
              "/var/folders/1s/9hd4n1s144l8xs08w3jvr_w80000gn/T/controller-123136108/temp-979704958"
            ],
            "pattern": "/var/folders/1s/9hd4n1s144l8xs08w3jvr_w80000gn/T/controller-123136108/*"
          },
          "sensitive_attributes": []
        }
      ]
    },
    {
      "mode": "data",
      "type": "oci_containerengine_cluster_option",
      "name": "oci_oke_cluster_option",
      "provider": "provider[\"registry.terraform.io/hashicorp/oci\"]",
      "instances": [
        {
          "schema_version": 0,
          "attributes": {
            "cluster_option_id": "all",
            "cluster_pod_network_options": [
              {
                "cni_type": "OCI_VCN_IP_NATIVE"
              },
              {
                "cni_type": "FLANNEL_OVERLAY"
              }
            ],
            "compartment_id": null,
            "id": "ContainerengineClusterOptionDataSource-1870923232",
            "kubernetes_versions": [
              "v1.23.4",
              "v1.24.1",
              "v1.25.4"
            ]
          },
          "sensitive_attributes": []
        }
      ]
    },
    {
      "mode": "data",
      "type": "oci_containerengine_node_pool_option",
      "name": "oci_oke_node_pool_option",
      "provider": "provider[\"registry.terraform.io/hashicorp/oci\"]",
      "instances": [
        {
          "schema_version": 0,
          "attributes": {
            "compartment_id": null,
            "id": "ContainerengineNodePoolOptionDataSource-1870923232",
            "images": [
              "Oracle-Linux-7.4",
              "Oracle-Linux-7.5",
              "Oracle-Linux-7.6"
            ],
            "kubernetes_versions": [
              "v1.23.4",
              "v1.24.1",
              "v1.25.4"
            ],
            "node_pool_option_id": "all",
            "shapes": [
              "BM.Optimized3.36",
              "BM.Standard.A1.160",
              "BM.Standard.E2.64",
              "BM.Standard.E3.128",
              "BM.Standard.E4.128",
              "BM.Standard1.36",
              "BM.Standard2.52",
              "BM.Standard3.64",
              "VM.Optimized3.Flex",
              "VM.Standard.A1.Flex",
              "VM.Standard.E2.1",
              "VM.Standard.E2.2",
              "VM.Standard.E2.4",
              "VM.Standard.E2.8",
              "VM.Standard.E3.Flex",
              "VM.Standard.E4.Flex",
              "VM.Standard1.1",
              "VM.Standard1.16",
              "VM.Standard1.2",
              "VM.Standard1.4",
              "VM.Standard1.8",
              "VM.Standard2.1",
              "VM.Standard2.16",
              "VM.Standard2.2",
              "VM.Standard2.24",
              "VM.Standard2.4",
              "VM.Standard2.8",
              "VM.Standard3.Flex"
            ],
            "sources": [
              {
                "image_id": "ocid1.image.oc1.iad.aaaaaaaafp7ysdbfl2bg67s4jzbpewxo3k772baixa3vwzecwogl474qecza",
                "source_name": "Oracle-Linux-8.6-aarch64-2022.12.15-0-OKE-1.25.4-543",
                "source_type": "IMAGE"
              },
              {
                "image_id": "ocid1.image.oc1.iad.aaaaaaaatkre35d5grrxn2iq3iwoofhdufablza5rrwzin45lhzl5d4vphfq",
                "source_name": "Oracle-Linux-8.6-aarch64-2022.12.15-0-OKE-1.24.1-543",
                "source_type": "IMAGE"
              },
              {
                "image_id": "ocid1.image.oc1.iad.aaaaaaaae6dksxpskja3d7xme4zzkwb4kswqqs3rep3v2drjz3ohygpkpvxa",
                "source_name": "Oracle-Linux-8.6-aarch64-2022.12.15-0-OKE-1.23.4-543",
                "source_type": "IMAGE"
              },
              {
                "image_id": "ocid1.image.oc1.iad.aaaaaaaaweryutjrzklbkgrngfw3m6ymlpkhnpdh6abfqxdpo35mbbyiuz3a",
                "source_name": "Oracle-Linux-8.6-aarch64-2022.10.04-0-OKE-1.25.4-490",
                "source_type": "IMAGE"
              },
              {
                "image_id": "ocid1.image.oc1.iad.aaaaaaaacaoq5x33kmgezkd4kmgp2b7hxtrrnbony3bjh4gmyd3sdv5armeq",
                "source_name": "Oracle-Linux-8.6-aarch64-2022.10.04-0-OKE-1.24.1-490",
                "source_type": "IMAGE"
              },
              {
                "image_id": "ocid1.image.oc1.iad.aaaaaaaahgyl6j7q75sprszraudkjhptrwdshpztuqnjc7zneqeleyumx65q",
                "source_name": "Oracle-Linux-8.6-aarch64-2022.10.04-0-OKE-1.23.4-490",
                "source_type": "IMAGE"
              },
              {
                "image_id": "ocid1.image.oc1.iad.aaaaaaaa375cunsngyvpdfjzqrxoyhhuwxscwysljwla563zcy3w3pqxtmuq",
                "source_name": "Oracle-Linux-8.6-aarch64-2022.08.29-0-OKE-1.24.1-446",
                "source_type": "IMAGE"
              },
              {
                "image_id": "ocid1.image.oc1.iad.aaaaaaaadvcyo7tdzmnpbmuccnxvm5nomyqnynoso2e3moocod345ypoz7ja",
                "source_name": "Oracle-Linux-8.6-aarch64-2022.08.29-0-OKE-1.23.4-446",
                "source_type": "IMAGE"
              },
              {
                "image_id": "ocid1.image.oc1.iad.aaaaaaaamc5kppmuzuox65d5kvwxerdftpoimtr7fydbqbvzrpele7zl6kwa",
                "source_name": "Oracle-Linux-8.6-Gen2-GPU-2022.12.16-0-OKE-1.25.4-543",
                "source_type": "IMAGE"
              },
              {
                "image_id": "ocid1.image.oc1.iad.aaaaaaaa33yvv2khxs4r2upv5bwkv4ga7feugxp5dnrhgfgxhln7v3uo74uq",
                "source_name": "Oracle-Linux-8.6-Gen2-GPU-2022.12.16-0-OKE-1.24.1-543",
                "source_type": "IMAGE"
              },
              {
                "image_id": "ocid1.image.oc1.iad.aaaaaaaatb26mq6hpzl3cy4ev3xbmxpdxn2iqjkkywy5avie2xkdxsjmhfwa",
                "source_name": "Oracle-Linux-8.6-Gen2-GPU-2022.12.16-0-OKE-1.23.4-543",
                "source_type": "IMAGE"
              },
              {
                "image_id": "ocid1.image.oc1.iad.aaaaaaaatobduthqopxk67lzt2fddziw6qn2olwdhtvrwtwhlejbdpjnzsvq",
                "source_name": "Oracle-Linux-8.6-Gen2-GPU-2022.10.04-0-OKE-1.25.4-490",
                "source_type": "IMAGE"
              },
              {
                "image_id": "ocid1.image.oc1.iad.aaaaaaaa7mbcex7dadlsitioemwkynqkspp5myodk7phnnwst5g3a22xy6fa",
                "source_name": "Oracle-Linux-8.6-Gen2-GPU-2022.10.04-0-OKE-1.24.1-490",
                "source_type": "IMAGE"
              },
              {
                "image_id": "ocid1.image.oc1.iad.aaaaaaaazumjusxtdif2niwqwptyv2cdap467xnmzvzslclkg75btogbhc3a",
                "source_name": "Oracle-Linux-8.6-Gen2-GPU-2022.10.04-0-OKE-1.23.4-490",
                "source_type": "IMAGE"
              },
              {
                "image_id": "ocid1.image.oc1.iad.aaaaaaaafjmmbsujflojlfvmqyk3fz3bfuuw7qb5ls2vjttqpscg7fd7wkza",
                "source_name": "Oracle-Linux-8.6-Gen2-GPU-2022.08.29-0-OKE-1.24.1-446",
                "source_type": "IMAGE"
              },
              {
                "image_id": "ocid1.image.oc1.iad.aaaaaaaa5bziufpdx2cj64i4f3refqrnaoznfdubugfxhsaruyzyd7txuzlq",
                "source_name": "Oracle-Linux-8.6-Gen2-GPU-2022.08.29-0-OKE-1.23.4-446",
                "source_type": "IMAGE"
              },
              {
                "image_id": "ocid1.image.oc1.iad.aaaaaaaanv2ck2dnx6tqapiw5uaaxsppsbruygzn22h5hqteljb5anqflkca",
                "source_name": "Oracle-Linux-8.6-2022.12.15-0-OKE-1.25.4-543",
                "source_type": "IMAGE"
              },
              {
                "image_id": "ocid1.image.oc1.iad.aaaaaaaaguxa7xpwbcyvkaxk7clhg6vyg6vce7abyw4wmqqyt3p5pn7s5phq",
                "source_name": "Oracle-Linux-8.6-2022.12.15-0-OKE-1.24.1-543",
                "source_type": "IMAGE"
              },
              {
                "image_id": "ocid1.image.oc1.iad.aaaaaaaauwwokidwf5nfi34ucbvgnjsni3klnfmu6pz73ctdohb2byiw6ztq",
                "source_name": "Oracle-Linux-8.6-2022.12.15-0-OKE-1.23.4-543",
                "source_type": "IMAGE"
              },
              {
                "image_id": "ocid1.image.oc1.iad.aaaaaaaaaifbah2q67fccokvotp6tgvzwriihforzezxc56esayxk3w4j6tq",
                "source_name": "Oracle-Linux-8.6-2022.10.04-0-OKE-1.25.4-491",
                "source_type": "IMAGE"
              },
              {
                "image_id": "ocid1.image.oc1.iad.aaaaaaaa622mvoqcxv3dxx2in7zli7wpapaai2rob6krazybf62ueiph7yaq",
                "source_name": "Oracle-Linux-8.6-2022.10.04-0-OKE-1.24.1-491",
                "source_type": "IMAGE"
              },
              {
                "image_id": "ocid1.image.oc1.iad.aaaaaaaaefbd4cnrt3vbzberxgqjoegfhouf7b4obovbmrh4dpmvl3fhewaq",
                "source_name": "Oracle-Linux-8.6-2022.10.04-0-OKE-1.23.4-491",
                "source_type": "IMAGE"
              },
              {
                "image_id": "ocid1.image.oc1.iad.aaaaaaaauoosagzov3zrg6y7ztu3c7lfg7e73gxwffnifjciviowcxoaihfq",
                "source_name": "Oracle-Linux-8.6-2022.08.29-0-OKE-1.24.1-430",
                "source_type": "IMAGE"
              },
              {
                "image_id": "ocid1.image.oc1.iad.aaaaaaaaj4wdhuleyvg5k3mnpbts2upb4r2fitzoc2xpchdjjejchn6n2exq",
                "source_name": "Oracle-Linux-8.6-2022.08.29-0-OKE-1.23.4-430",
                "source_type": "IMAGE"
              },
              {
                "image_id": "ocid1.image.oc1.iad.aaaaaaaarve4quvabespzemh6uuhklbwrfyokiugg3rfufvfbxootmv2bccq",
                "source_name": "Oracle-Linux-7.9-aarch64-2022.12.15-0-OKE-1.25.4-543",
                "source_type": "IMAGE"
              },
              {
                "image_id": "ocid1.image.oc1.iad.aaaaaaaaiwoqpu5ufhf4trudcbmsbszmm3lwpxvosfgm72apbiya4o4sx5ya",
                "source_name": "Oracle-Linux-7.9-aarch64-2022.12.15-0-OKE-1.24.1-543",
                "source_type": "IMAGE"
              },
              {
                "image_id": "ocid1.image.oc1.iad.aaaaaaaawwgyuxis6ivvhudzo7bx73ltmo52x7inika3bd3bb2g522tfwetq",
                "source_name": "Oracle-Linux-7.9-aarch64-2022.12.15-0-OKE-1.23.4-543",
                "source_type": "IMAGE"
              },
              {
                "image_id": "ocid1.image.oc1.iad.aaaaaaaa2fh4serkbso6cfcftomtzh3d6z6e6lp2praajhw4bxlnodjla3qq",
                "source_name": "Oracle-Linux-7.9-aarch64-2022.10.04-0-OKE-1.25.4-491",
                "source_type": "IMAGE"
              },
              {
                "image_id": "ocid1.image.oc1.iad.aaaaaaaafm6atuxsmnngfwhxqxh3yyjuuletczp3aordrlg5ikyu42ww2t6q",
                "source_name": "Oracle-Linux-7.9-aarch64-2022.10.04-0-OKE-1.24.1-491",
                "source_type": "IMAGE"
              },
              {
                "image_id": "ocid1.image.oc1.iad.aaaaaaaatz7vtmfiikibyiq2fge5vmvhtiv3bgtm5r4otlyk6yh4wbgtgs7a",
                "source_name": "Oracle-Linux-7.9-aarch64-2022.10.04-0-OKE-1.23.4-491",
                "source_type": "IMAGE"
              },
              {
                "image_id": "ocid1.image.oc1.iad.aaaaaaaa3vznqvw2fjwxlanxjvqb77yvg36ynihryahngmjtwg7sntaxeufa",
                "source_name": "Oracle-Linux-7.9-aarch64-2022.08.29-0-OKE-1.24.1-429",
                "source_type": "IMAGE"
              },
              {
                "image_id": "ocid1.image.oc1.iad.aaaaaaaabxzyip36cn7v7ndvsmsayv2vcy2wera33vnpdjwjm2vovlh4ll2a",
                "source_name": "Oracle-Linux-7.9-aarch64-2022.08.29-0-OKE-1.23.4-441",
                "source_type": "IMAGE"
              },
              {
                "image_id": "ocid1.image.oc1.iad.aaaaaaaa5ddlbe7ybst2qir7rx53dhf7nb2yfe4v7jyhrh7eztarabbpce6q",
                "source_name": "Oracle-Linux-7.9-Gen2-GPU-2022.12.16-0-OKE-1.25.4-543",
                "source_type": "IMAGE"
              },
              {
                "image_id": "ocid1.image.oc1.iad.aaaaaaaaljedleonxnv53kvkxprtfnxywk2grq7nxb3ayfn23gmwe6kwvnfa",
                "source_name": "Oracle-Linux-7.9-Gen2-GPU-2022.12.16-0-OKE-1.24.1-543",
                "source_type": "IMAGE"
              },
              {
                "image_id": "ocid1.image.oc1.iad.aaaaaaaasuj34pi3a7pprjin6t4lu27gcubodemzncgs4mw7hsfuyc5fenya",
                "source_name": "Oracle-Linux-7.9-Gen2-GPU-2022.12.16-0-OKE-1.23.4-543",
                "source_type": "IMAGE"
              },
              {
                "image_id": "ocid1.image.oc1.iad.aaaaaaaatubfrgkhdbl3vzn7bko6bqfvhykvdztt5twpvk4vnka4vkdwewiq",
                "source_name": "Oracle-Linux-7.9-Gen2-GPU-2022.10.04-0-OKE-1.25.4-491",
                "source_type": "IMAGE"
              },
              {
                "image_id": "ocid1.image.oc1.iad.aaaaaaaar73axgb6aefcn474ftq6qrofvfuknhbkjaek5nbzb724xzqeeicq",
                "source_name": "Oracle-Linux-7.9-Gen2-GPU-2022.10.04-0-OKE-1.24.1-491",
                "source_type": "IMAGE"
              },
              {
                "image_id": "ocid1.image.oc1.iad.aaaaaaaavnau2scldvjndyykrn4jhagucjhx46qgv5axnjvqxnwah3z2w6oa",
                "source_name": "Oracle-Linux-7.9-Gen2-GPU-2022.10.04-0-OKE-1.23.4-491",
                "source_type": "IMAGE"
              },
              {
                "image_id": "ocid1.image.oc1.iad.aaaaaaaaci6bgikydjtmlq4mxmapxefaa5ce2glulatzsmdp6ys7frhu665q",
                "source_name": "Oracle-Linux-7.9-Gen2-GPU-2022.08.29-0-OKE-1.24.1-431",
                "source_type": "IMAGE"
              },
              {
                "image_id": "ocid1.image.oc1.iad.aaaaaaaa5raga5ta56wkkzdpo2ou55r2j4mkydjkdpjoqgly7i75ubwlwgdq",
                "source_name": "Oracle-Linux-7.9-Gen2-GPU-2022.08.29-0-OKE-1.23.4-441",
                "source_type": "IMAGE"
              },
              {
                "image_id": "ocid1.image.oc1.iad.aaaaaaaak3iqkkblpuzyexd4owwyzlvr52bii4kdxvryc3nddjvf7njc7ayq",
                "source_name": "Oracle-Linux-7.9-2022.12.15-0-OKE-1.25.4-543",
                "source_type": "IMAGE"
              },
              {
                "image_id": "ocid1.image.oc1.iad.aaaaaaaatbphyac6b32punlpubpdgedgc4k5dkvrmelsms77jlpjmw5pyb5a",
                "source_name": "Oracle-Linux-7.9-2022.12.15-0-OKE-1.24.1-543",
                "source_type": "IMAGE"
              },
              {
                "image_id": "ocid1.image.oc1.iad.aaaaaaaa773qikfcn44wugo5v5rude6qrbcrr2qnnbsqypladkhsztd6ojrq",
                "source_name": "Oracle-Linux-7.9-2022.12.15-0-OKE-1.23.4-543",
                "source_type": "IMAGE"
              },
              {
                "image_id": "ocid1.image.oc1.iad.aaaaaaaa5p5rbmpoqdzmmdp3x22yvugtnb2pvcigy4bedotegeci4jytxd4q",
                "source_name": "Oracle-Linux-7.9-2022.10.04-0-OKE-1.25.4-491",
                "source_type": "IMAGE"
              },
              {
                "image_id": "ocid1.image.oc1.iad.aaaaaaaawqh24xbuqluv2iokjpih7tix4l6hobhucnfo6qlw7ooiynx7henq",
                "source_name": "Oracle-Linux-7.9-2022.10.04-0-OKE-1.24.1-491",
                "source_type": "IMAGE"
              },
              {
                "image_id": "ocid1.image.oc1.iad.aaaaaaaal2tni2rlx2oswphm6ujqjlc23hng7ucqczwshstau7fru4q7i7ha",
                "source_name": "Oracle-Linux-7.9-2022.10.04-0-OKE-1.23.4-491",
                "source_type": "IMAGE"
              },
              {
                "image_id": "ocid1.image.oc1.iad.aaaaaaaahzoc2khmwex2alrx2cf4myja4lkgwh6w3j46cm3jjopkjwt2i6mq",
                "source_name": "Oracle-Linux-7.9-2022.08.29-0-OKE-1.24.1-429",
                "source_type": "IMAGE"
              },
              {
                "image_id": "ocid1.image.oc1.iad.aaaaaaaaepdw5fhom2vkejvlsipxic6pcbjhqpcrlwawtrvinlxt6clw2zea",
                "source_name": "Oracle-Linux-7.9-2022.08.29-0-OKE-1.23.4-441",
                "source_type": "IMAGE"
              },
              {
                "image_id": "ocid1.image.oc1.iad.aaaaaaaacb2yngolju7dt3qv5h2wwcb43tsavn77f42ur3si2a45ca7z25ra",
                "source_name": "Oracle-Linux-8.7-aarch64-2023.01.31-3",
                "source_type": "IMAGE"
              },
              {
                "image_id": "ocid1.image.oc1.iad.aaaaaaaa3mmo34yhcr377g5d6gfoj3nb7pr272ocup6qeeawere52rndqdaa",
                "source_name": "Oracle-Linux-8.7-Gen2-GPU-2023.01.31-3",
                "source_type": "IMAGE"
              },
              {
                "image_id": "ocid1.image.oc1.iad.aaaaaaaayrldglwozuedpvfllelnmthkcbd5irmjyeih56a4tslst2rne6jq",
                "source_name": "Oracle-Linux-8.7-2023.01.31-3",
                "source_type": "IMAGE"
              },
              {
                "image_id": "ocid1.image.oc1.iad.aaaaaaaabta3gqhlfoam3l7rayd4inr6hhg4cmvcqb7p43qadkiehnszyuka",
                "source_name": "Oracle-Linux-8.6-aarch64-2022.12.15-0",
                "source_type": "IMAGE"
              },
              {
                "image_id": "ocid1.image.oc1.iad.aaaaaaaa7gm4tpdkzbcjnmkmybbfsgxhnph5wwu6ku57dvomkgqiasctbyzq",
                "source_name": "Oracle-Linux-8.6-aarch64-2022.12.06-0",
                "source_type": "IMAGE"
              },
              {
                "image_id": "ocid1.image.oc1.iad.aaaaaaaagwuaeng6ipyg7qm36e3pyglgc3ebwrfh7v2b6lmbew44k47fpbuq",
                "source_name": "Oracle-Linux-8.6-Gen2-GPU-2022.12.16-0",
                "source_type": "IMAGE"
              },
              {
                "image_id": "ocid1.image.oc1.iad.aaaaaaaa5ehusrjrig2yhgx5abfldzkqtuwifu6qmalusxqrigziw7i6nguq",
                "source_name": "Oracle-Linux-8.6-Gen2-GPU-2022.11.21-0",
                "source_type": "IMAGE"
              },
              {
                "image_id": "ocid1.image.oc1.iad.aaaaaaaa4m3bxzwpfcrthy3x74rozkmsxpnru4zcmlmta3yehg3rptvui7jq",
                "source_name": "Oracle-Linux-8.6-2022.12.15-0",
                "source_type": "IMAGE"
              },
              {
                "image_id": "ocid1.image.oc1.iad.aaaaaaaak6w63p4ddsxlh2hgqh2vycoivsdevwy2utwsqjxwcvsj4vfstlqa",
                "source_name": "Oracle-Linux-8.6-2022.11.21-0",
                "source_type": "IMAGE"
              },
              {
                "image_id": "ocid1.image.oc1.iad.aaaaaaaas4d3ov5u4gognzw5xzhwmh2tifdr2k7uulsm5qsqzmxg542sp6uq",
                "source_name": "Oracle-Linux-7.9-aarch64-2023.01.31-2",
                "source_type": "IMAGE"
              },
              {
                "image_id": "ocid1.image.oc1.iad.aaaaaaaa6wi7kgeum4ttpr3gje3iows4zgfyvfshquwqhfuyhgetjows5rda",
                "source_name": "Oracle-Linux-7.9-aarch64-2022.12.15-0",
                "source_type": "IMAGE"
              },
              {
                "image_id": "ocid1.image.oc1.iad.aaaaaaaa5wukqurg6shklj3pvss4ahhufg2vwtbx7fpregvvrvkc4i4pctia",
                "source_name": "Oracle-Linux-7.9-aarch64-2022.11.21-0",
                "source_type": "IMAGE"
              },
              {
                "image_id": "ocid1.image.oc1.iad.aaaaaaaavwefeotj5sdb7noiy33noigh26lhxmxjnjcxt2racehjnhjfe6ia",
                "source_name": "Oracle-Linux-7.9-Gen2-GPU-2023.01.31-2",
                "source_type": "IMAGE"
              },
              {
                "image_id": "ocid1.image.oc1.iad.aaaaaaaas5vklgzmfndj62qikowvsmxci25yeyao6tsmlhvyv56hyprpcflq",
                "source_name": "Oracle-Linux-7.9-Gen2-GPU-2022.12.16-0",
                "source_type": "IMAGE"
              },
              {
                "image_id": "ocid1.image.oc1.iad.aaaaaaaafm3ynzjn4mxlebq73nbkagwfhk2sjlblijrblfzthrdneb3u6xxa",
                "source_name": "Oracle-Linux-7.9-Gen2-GPU-2022.11.21-0",
                "source_type": "IMAGE"
              },
              {
                "image_id": "ocid1.image.oc1.iad.aaaaaaaabf7eivnrcvuj7z3nocpwtmnn45f6b6qvdim7zdcifh7fhzic2mda",
                "source_name": "Oracle-Linux-7.9-2023.01.31-2",
                "source_type": "IMAGE"
              },
              {
                "image_id": "ocid1.image.oc1.iad.aaaaaaaajjzk6vhg45b5juiuntj2z7s2nz4rc5kb2rfevv4wv3nmv5n33uta",
                "source_name": "Oracle-Linux-7.9-2022.12.15-0",
                "source_type": "IMAGE"
              },
              {
                "image_id": "ocid1.image.oc1.iad.aaaaaaaaxnniiwolr6k5smo4gybuys37zraeodjip6rxjghtzg76ajryeioq",
                "source_name": "Oracle-Linux-7.9-2022.11.21-0",
                "source_type": "IMAGE"
              },
              {
                "image_id": "ocid1.image.oc1.iad.aaaaaaaay66pu7z27ltbx2uuatzgfywzixbp34wx7xoze52pk33psz47vlfa",
                "source_name": "Oracle-Linux-7.6",
                "source_type": "IMAGE"
              }
            ]
          },
          "sensitive_attributes": []
        }
      ]
    },
    {
      "mode": "data",
      "type": "oci_core_images",
      "name": "InstanceImageOCID",
      "provider": "provider[\"registry.terraform.io/hashicorp/oci\"]",
      "instances": [
        {
          "schema_version": 0,
          "attributes": {
            "compartment_id": "ocid1.compartment.oc1..aaaaaaaabyh4zkerzqvik7he6v26536omlrtpaw43q2rqmqcsgleme7jqqfq",
            "display_name": null,
            "filter": [
              {
                "name": "display_name",
                "regex": true,
                "values": [
                  "^.*Oracle[^G]*$"
                ]
              }
            ],
            "id": "CoreImagesDataSource-1897477657",
            "images": [
              {
                "agent_features": [],
                "base_image_id": "",
                "billable_size_in_gbs": "6",
                "compartment_id": "",
                "create_image_allowed": true,
                "defined_tags": {},
                "display_name": "Oracle-Linux-7.9-2023.01.31-2",
                "freeform_tags": {},
                "id": "ocid1.image.oc1.iad.aaaaaaaabf7eivnrcvuj7z3nocpwtmnn45f6b6qvdim7zdcifh7fhzic2mda",
                "image_source_details": [],
                "instance_id": "",
                "launch_mode": "NATIVE",
                "launch_options": [
                  {
                    "boot_volume_type": "PARAVIRTUALIZED",
                    "firmware": "UEFI_64",
                    "is_consistent_volume_naming_enabled": true,
                    "is_pv_encryption_in_transit_enabled": true,
                    "network_type": "PARAVIRTUALIZED",
                    "remote_data_volume_type": "PARAVIRTUALIZED"
                  }
                ],
                "listing_type": "",
                "operating_system": "Oracle Linux",
                "operating_system_version": "7.9",
                "size_in_mbs": "47694",
                "state": "AVAILABLE",
                "time_created": "2023-02-07 21:56:19.333 +0000 UTC"
              },
              {
                "agent_features": [],
                "base_image_id": "",
                "billable_size_in_gbs": "6",
                "compartment_id": "",
                "create_image_allowed": true,
                "defined_tags": {},
                "display_name": "Oracle-Linux-7.9-2022.12.15-0",
                "freeform_tags": {},
                "id": "ocid1.image.oc1.iad.aaaaaaaajjzk6vhg45b5juiuntj2z7s2nz4rc5kb2rfevv4wv3nmv5n33uta",
                "image_source_details": [],
                "instance_id": "",
                "launch_mode": "NATIVE",
                "launch_options": [
                  {
                    "boot_volume_type": "PARAVIRTUALIZED",
                    "firmware": "UEFI_64",
                    "is_consistent_volume_naming_enabled": true,
                    "is_pv_encryption_in_transit_enabled": true,
                    "network_type": "PARAVIRTUALIZED",
                    "remote_data_volume_type": "PARAVIRTUALIZED"
                  }
                ],
                "listing_type": "",
                "operating_system": "Oracle Linux",
                "operating_system_version": "7.9",
                "size_in_mbs": "47694",
                "state": "AVAILABLE",
                "time_created": "2022-12-20 21:32:42.726 +0000 UTC"
              },
              {
                "agent_features": [],
                "base_image_id": "",
                "billable_size_in_gbs": "5",
                "compartment_id": "",
                "create_image_allowed": true,
                "defined_tags": {},
                "display_name": "Oracle-Linux-7.9-2022.11.21-0",
                "freeform_tags": {},
                "id": "ocid1.image.oc1.iad.aaaaaaaaxnniiwolr6k5smo4gybuys37zraeodjip6rxjghtzg76ajryeioq",
                "image_source_details": [],
                "instance_id": "",
                "launch_mode": "NATIVE",
                "launch_options": [
                  {
                    "boot_volume_type": "PARAVIRTUALIZED",
                    "firmware": "UEFI_64",
                    "is_consistent_volume_naming_enabled": true,
                    "is_pv_encryption_in_transit_enabled": true,
                    "network_type": "PARAVIRTUALIZED",
                    "remote_data_volume_type": "PARAVIRTUALIZED"
                  }
                ],
                "listing_type": "",
                "operating_system": "Oracle Linux",
                "operating_system_version": "7.9",
                "size_in_mbs": "47694",
                "state": "AVAILABLE",
                "time_created": "2022-12-05 15:49:07.02 +0000 UTC"
              }
            ],
            "operating_system": "Oracle Linux",
            "operating_system_version": "7.9",
            "shape": "VM.Standard.E4.Flex",
            "sort_by": null,
            "sort_order": null,
            "state": null
          },
          "sensitive_attributes": []
        }
      ]
    },
    {
      "mode": "data",
      "type": "oci_core_services",
      "name": "AllOCIServices",
      "provider": "provider[\"registry.terraform.io/hashicorp/oci\"]",
      "instances": [
        {
          "schema_version": 0,
          "attributes": {
            "filter": [
              {
                "name": "name",
                "regex": true,
                "values": [
                  "All .* Services In Oracle Services Network"
                ]
              }
            ],
            "id": "CoreServicesDataSource-0",
            "services": [
              {
                "cidr_block": "all-iad-services-in-oracle-services-network",
                "description": "All IAD Services In Oracle Services Network",
                "id": "ocid1.service.oc1.iad.aaaaaaaam4zfmy2rjue6fmglumm3czgisxzrnvrwqeodtztg7hwa272mlfna",
                "name": "All IAD Services In Oracle Services Network"
              }
            ]
          },
          "sensitive_attributes": []
        }
      ]
    },
    {
      "mode": "data",
      "type": "oci_identity_availability_domains",
      "name": "ADs",
      "provider": "provider[\"registry.terraform.io/hashicorp/oci\"]",
      "instances": [
        {
          "schema_version": 0,
          "attributes": {
            "availability_domains": [
              {
                "compartment_id": "ocid1.tenancy.oc1..aaaaaaaah3wlmwmwrynp25zu6n6yecwsgoy56qt7qc6mm3akttkkfpfcgdxa",
                "id": "ocid1.availabilitydomain.oc1..aaaaaaaaztunlny6ae4yw2vghp5go2zceaonwp6wiioe3tnh2vlaxjjl2n3a",
                "name": "QlMi:US-ASHBURN-AD-1"
              },
              {
                "compartment_id": "ocid1.tenancy.oc1..aaaaaaaah3wlmwmwrynp25zu6n6yecwsgoy56qt7qc6mm3akttkkfpfcgdxa",
                "id": "ocid1.availabilitydomain.oc1..aaaaaaaauvt2n7pijol7uqgdnnsoojcukrijtmcltvfwxazmitk235wyohta",
                "name": "QlMi:US-ASHBURN-AD-2"
              },
              {
                "compartment_id": "ocid1.tenancy.oc1..aaaaaaaah3wlmwmwrynp25zu6n6yecwsgoy56qt7qc6mm3akttkkfpfcgdxa",
                "id": "ocid1.availabilitydomain.oc1..aaaaaaaatrwxaogr7dl4yschqtrmqrdv6uzis3mgbnomiagqrfhcb7mxsfdq",
                "name": "QlMi:US-ASHBURN-AD-3"
              }
            ],
            "compartment_id": "ocid1.tenancy.oc1..aaaaaaaah3wlmwmwrynp25zu6n6yecwsgoy56qt7qc6mm3akttkkfpfcgdxa",
            "filter": null,
            "id": "IdentityAvailabilityDomainsDataSource-1723091224"
          },
          "sensitive_attributes": []
        }
      ]
    },
    {
      "mode": "managed",
      "type": "nirmata_cluster_registered",
      "name": "oke-registered",
      "provider": "provider[\"registry.terraform.io/nirmata/nirmata\"]",
      "instances": [
        {
          "schema_version": 0,
          "attributes": {
            "cluster_type": "default-add-ons",
            "controller_yamls": "---\napiVersion: v1\nkind: Namespace\nmetadata:\n  name: nirmata\n  labels:\n    name: nirmata\n---\napiVersion: v1\nkind: ServiceAccount\nmetadata:\n  name: nirmata\n  namespace: nirmata\nsecrets:\n- name: nirmata-sa-secret\n---\napiVersion: v1\nkind: Secret\nmetadata:\n  name: nirmata-sa-secret\n  namespace: nirmata\n  annotations:\n    kubernetes.io/service-account.name: nirmata\ntype: kubernetes.io/service-account-token\n---   \napiVersion: rbac.authorization.k8s.io/v1\nkind: ClusterRoleBinding\nmetadata:\n  name: nirmata-cluster-admin-binding\nroleRef:\n  apiGroup: rbac.authorization.k8s.io\n  kind: ClusterRole\n  name: nirmata:nirmata-privileged\nsubjects:\n- kind: ServiceAccount\n  name: nirmata\n  namespace: nirmata\n---\napiVersion: rbac.authorization.k8s.io/v1\nkind: RoleBinding\nmetadata:\n  name: nirmata-admin-binding\n  namespace: nirmata\nroleRef:\n  apiGroup: rbac.authorization.k8s.io\n  kind: ClusterRole\n  name: admin\nsubjects:\n- kind: ServiceAccount\n  name: nirmata\n  namespace: nirmata\n---\napiVersion: v1\nkind: ServiceAccount\nmetadata:\n  name: nirmata-controller\n  namespace: nirmata\n---   \napiVersion: rbac.authorization.k8s.io/v1\nkind: ClusterRoleBinding\nmetadata:\n  name: nirmata-controller-binding\nroleRef:\n  apiGroup: rbac.authorization.k8s.io\n  kind: ClusterRole\n  name: view\nsubjects:\n- kind: ServiceAccount\n  name: nirmata-controller\n  namespace: nirmata\n---\napiVersion: \"rbac.authorization.k8s.io/v1\"\nkind: \"ClusterRole\"\nmetadata:\n  annotations: {}\n  name: \"nirmata:nirmata-privileged\"\nrules:\n- apiGroups:\n  - \"*\"\n  nonResourceURLs: []\n  resourceNames: []\n  resources:\n  - \"*\"\n  verbs:\n  - \"*\"\n- apiGroups: []\n  nonResourceURLs:\n  - \"*\"\n  resourceNames: []\n  resources: []\n  verbs:\n  - \"*\"\n---\napiVersion: \"v1\"\nkind: \"ConfigMap\"\nmetadata:\n  name: \"nirmata-kube-controller-config\"\n  namespace: \"nirmata\"\ndata:\n  IgnoreFields: \"metadata.managedFields\"\n  IgnoreEvents: \"Normal.PolicyApplied.*\"\n  WatchedResources: \"events.v1.\\npolicyreports.v1alpha2.wgpolicyk8s.io\\nclusterpolicyreports.v1alpha2.wgpolicyk8s.io\\n\\\n    policies.v1.kyverno.io\\nclusterpolicies.v1.kyverno.io\"\n---\napiVersion: \"apps/v1\"\nkind: \"Deployment\"\nmetadata:\n  name: \"nirmata-kube-controller\"\n  namespace: \"nirmata\"\nspec:\n  replicas: 1\n  selector:\n    matchLabels:\n      app: \"nirmata-kube-controller\"\n      nirmata.io/container.type: \"system\"\n      app.kubernetes.io/name: \"nirmata\"\n      app.kubernetes.io/instance: \"nirmata\"\n  template:\n    metadata:\n      labels:\n        app: \"nirmata-kube-controller\"\n        nirmata.io/container.type: \"system\"\n        app.kubernetes.io/name: \"nirmata\"\n        app.kubernetes.io/instance: \"nirmata\"\n    spec:\n      containers:\n      - args:\n        - \"-token\"\n        - \"$(TOKEN)\"\n        - \"-url\"\n        - \"$(URL)\"\n        - \"-event-aggregation\"\n        command:\n        - \"/nirmata-kube-controller\"\n        env:\n        - name: \"TOKEN\"\n          value: \"c569440a-a150-4de3-a448-b768a128ca38\"\n        - name: \"URL\"\n          value: \"wss://www.nirmata.io/tunnels\"\n        image: \"ghcr.io/nirmata/nirmata-kube-controller:v3.9.3\"\n        imagePullPolicy: \"IfNotPresent\"\n        livenessProbe:\n          exec:\n            command:\n            - \"/nirmata-kube-controller\"\n        name: \"nirmata-kube-controller\"\n        readinessProbe:\n          exec:\n            command:\n            - \"/nirmata-kube-controller\"\n        resources:\n          limits:\n            memory: \"250Mi\"\n          requests:\n            memory: \"200Mi\"\n            cpu: \"250m\"\n        securityContext:\n          allowPrivilegeEscalation: false\n          capabilities:\n            drop:\n            - \"ALL\"\n          readOnlyRootFilesystem: true\n          runAsGroup: 1000\n          runAsNonRoot: true\n          runAsUser: 1000\n          seccompProfile:\n            type: \"RuntimeDefault\"\n      hostNetwork: false\n      imagePullSecrets:\n      - name: \"nirmata-controller-registry-secret\"\n      securityContext:\n        seccompProfile:\n          type: \"RuntimeDefault\"\n      serviceAccountName: \"nirmata\"\n      tolerations:\n      - effect: \"NoSchedule\"\n        key: \"node-role.kubernetes.io/master\"\n        operator: \"Exists\"\n---\napiVersion: \"rbac.authorization.k8s.io/v1\"\nkind: \"ClusterRole\"\nmetadata:\n  annotations: {}\n  name: \"nirmata:nirmata-operator\"\nrules:\n- apiGroups:\n  - \"\"\n  nonResourceURLs: []\n  resourceNames: []\n  resources:\n  - \"nodes\"\n  verbs:\n  - \"create\"\n  - \"delete\"\n  - \"get\"\n  - \"list\"\n  - \"patch\"\n  - \"update\"\n  - \"watch\"\n- apiGroups:\n  - \"\"\n  nonResourceURLs: []\n  resourceNames: []\n  resources:\n  - \"configmaps\"\n  - \"endpoints\"\n  - \"persistentvolumeclaims\"\n  - \"persistentvolumeclaims/status\"\n  - \"pods\"\n  - \"replicationcontrollers\"\n  - \"replicationcontrollers/scale\"\n  - \"serviceaccounts\"\n  - \"services\"\n  - \"services/status\"\n  verbs:\n  - \"get\"\n  - \"list\"\n  - \"watch\"\n- apiGroups:\n  - \"\"\n  nonResourceURLs: []\n  resourceNames: []\n  resources:\n  - \"bindings\"\n  - \"events\"\n  - \"limitranges\"\n  - \"namespaces/status\"\n  - \"pods/log\"\n  - \"pods/status\"\n  - \"replicationcontrollers/status\"\n  - \"resourcequotas\"\n  - \"resourcequotas/status\"\n  verbs:\n  - \"get\"\n  - \"list\"\n  - \"watch\"\n- apiGroups:\n  - \"\"\n  nonResourceURLs: []\n  resourceNames: []\n  resources:\n  - \"namespaces\"\n  verbs:\n  - \"get\"\n  - \"list\"\n  - \"watch\"\n- apiGroups:\n  - \"apps\"\n  nonResourceURLs: []\n  resourceNames: []\n  resources:\n  - \"controllerrevisions\"\n  - \"daemonsets\"\n  - \"daemonsets/status\"\n  - \"deployments\"\n  - \"deployments/scale\"\n  - \"deployments/status\"\n  - \"replicasets\"\n  - \"replicasets/scale\"\n  - \"replicasets/status\"\n  - \"statefulsets\"\n  - \"statefulsets/scale\"\n  - \"statefulsets/status\"\n  verbs:\n  - \"get\"\n  - \"list\"\n  - \"watch\"\n- apiGroups:\n  - \"autoscaling\"\n  nonResourceURLs: []\n  resourceNames: []\n  resources:\n  - \"horizontalpodautoscalers\"\n  - \"horizontalpodautoscalers/status\"\n  verbs:\n  - \"get\"\n  - \"list\"\n  - \"watch\"\n- apiGroups:\n  - \"batch\"\n  nonResourceURLs: []\n  resourceNames: []\n  resources:\n  - \"cronjobs\"\n  - \"cronjobs/status\"\n  - \"jobs\"\n  - \"jobs/status\"\n  verbs:\n  - \"get\"\n  - \"list\"\n  - \"watch\"\n- apiGroups:\n  - \"extensions\"\n  nonResourceURLs: []\n  resourceNames: []\n  resources:\n  - \"daemonsets\"\n  - \"daemonsets/status\"\n  - \"deployments\"\n  - \"deployments/scale\"\n  - \"deployments/status\"\n  - \"ingresses\"\n  - \"ingresses/status\"\n  - \"networkpolicies\"\n  - \"replicasets\"\n  - \"replicasets/scale\"\n  - \"replicasets/status\"\n  - \"replicationcontrollers/scale\"\n  verbs:\n  - \"get\"\n  - \"list\"\n  - \"watch\"\n- apiGroups:\n  - \"policy\"\n  nonResourceURLs: []\n  resourceNames: []\n  resources:\n  - \"poddisruptionbudgets\"\n  - \"poddisruptionbudgets/status\"\n  verbs:\n  - \"get\"\n  - \"list\"\n  - \"watch\"\n- apiGroups:\n  - \"networking.k8s.io\"\n  nonResourceURLs: []\n  resourceNames: []\n  resources:\n  - \"ingresses\"\n  - \"ingresses/status\"\n  - \"networkpolicies\"\n  verbs:\n  - \"get\"\n  - \"list\"\n  - \"watch\"\n---\napiVersion: v1\nkind: ConfigMap\nmetadata:\n  name: otel-agent-config\n  namespace: nirmata\ndata:\n  config.yaml: |-\n    receivers:\n      prometheus:\n        config:\n          scrape_configs:\n          - job_name: \"kyverno\"\n            scrape_interval: 1m\n            static_configs:\n            - targets: [\"kyverno-svc-metrics.kyverno.svc.cluster.local:8000\"]\n            metric_relabel_configs:\n            - source_labels: [__name__]\n              regex: \"(kyverno_admission_review_duration_seconds.*|kyverno_policy_execution_duration_seconds.*|kyverno_policy_results_total|kyverno_policy_rule_info_total|kyverno_admission_requests_total)\"\n              action: keep\n    exporters:\n      prometheusremotewrite:\n        endpoint: https://www.nirmata.io/host-gateway/metrics-receiver\n        external_labels:\n          clusterId: c569440a-a150-4de3-a448-b768a128ca38\n        remote_write_queue:\n          queue_size: 2000\n          num_consumers: 1\n        timeout: 300s\n    service:\n      pipelines:\n        metrics:\n          receivers: [prometheus]\n          exporters: [prometheusremotewrite]\n---\napiVersion: apps/v1\nkind: Deployment\nmetadata:\n  name: otel-agent\n  namespace: nirmata\n  labels:\n    app: opentelemetry\n    component: otel-agent\n    app.kubernetes.io/instance: nirmata\n    app.kubernetes.io/name: nirmata\nspec:\n  selector:\n    matchLabels:\n      app: opentelemetry\n      component: otel-agent\n      app.kubernetes.io/instance: nirmata\n      app.kubernetes.io/name: nirmata\n  template:\n    metadata:\n      labels:\n        app: opentelemetry\n        component: otel-agent\n        app.kubernetes.io/instance: nirmata\n        app.kubernetes.io/name: nirmata\n    spec:\n      containers:\n      - name: otel-agent\n        image: ghcr.io/nirmata/metrics-agent:0.38.1\n        resources:\n          limits:\n            cpu: 100m\n            memory: 200Mi\n          requests:\n            cpu: 100m\n            memory: 200Mi\n        securityContext:\n          allowPrivilegeEscalation: false\n          capabilities:\n            drop:\n            - ALL\n          readOnlyRootFilesystem: true\n          runAsGroup: 10001\n          runAsNonRoot: true\n          runAsUser: 10001\n          seccompProfile:\n            type: RuntimeDefault\n        livenessProbe:\n          httpGet:\n            path: /metrics\n            port: 8888\n            scheme: HTTP\n        readinessProbe:\n          httpGet:\n            path: /metrics\n            port: 8888\n            scheme: HTTP\n        volumeMounts:\n        - mountPath: /etc/otel/config.yaml\n          name: data\n          subPath: config.yaml\n          readOnly: true\n      terminationGracePeriodSeconds: 30\n      volumes:\n      - name: data\n        configMap:\n          name: otel-agent-config\n",
            "controller_yamls_count": 13,
            "controller_yamls_folder": "/var/folders/1s/9hd4n1s144l8xs08w3jvr_w80000gn/T/controller-123136108",
            "delete_action": "",
            "id": "c569440a-a150-4de3-a448-b768a128ca38",
            "labels": null,
            "name": "oke-oci-cluster",
            "state": "failed",
            "timeouts": null
          },
          "sensitive_attributes": [],
          "private": "eyJlMmJmYjczMC1lY2FhLTExZTYtOGY4OC0zNDM2M2JjN2M0YzAiOnsiY3JlYXRlIjozNjAwMDAwMDAwMDAwfX0="
        }
      ]
    },
    {
      "mode": "managed",
      "type": "null_resource",
      "name": "configure_kubectl",
      "provider": "provider[\"registry.terraform.io/hashicorp/null\"]",
      "instances": [
        {
          "status": "tainted",
          "schema_version": 0,
          "attributes": {
            "id": "7712364975178291891",
            "triggers": null
          },
          "sensitive_attributes": []
        }
      ]
    },
    {
      "module": "module.oci-oke",
      "mode": "data",
      "type": "oci_containerengine_cluster_kube_config",
      "name": "KubeConfig",
      "provider": "provider[\"registry.terraform.io/oracle/oci\"]",
      "instances": []
    },
    {
      "module": "module.oci-oke",
      "mode": "data",
      "type": "oci_containerengine_cluster_kube_config",
      "name": "OKEKubeConfig",
      "provider": "provider[\"registry.terraform.io/oracle/oci\"]",
      "instances": []
    },
    {
      "module": "module.oci-oke",
      "mode": "data",
      "type": "oci_containerengine_cluster_option",
      "name": "oci_oke_cluster_option",
      "provider": "provider[\"registry.terraform.io/oracle/oci\"]",
      "instances": [
        {
          "schema_version": 0,
          "attributes": {
            "cluster_option_id": "all",
            "cluster_pod_network_options": [
              {
                "cni_type": "OCI_VCN_IP_NATIVE"
              },
              {
                "cni_type": "FLANNEL_OVERLAY"
              }
            ],
            "compartment_id": null,
            "id": "ContainerengineClusterOptionDataSource-1870923232",
            "kubernetes_versions": [
              "v1.23.4",
              "v1.24.1",
              "v1.25.4"
            ]
          },
          "sensitive_attributes": []
        }
      ]
    },
    {
      "module": "module.oci-oke",
      "mode": "data",
      "type": "oci_containerengine_node_pool_option",
      "name": "oci_oke_node_pool_option",
      "provider": "provider[\"registry.terraform.io/oracle/oci\"]",
      "instances": [
        {
          "schema_version": 0,
          "attributes": {
            "compartment_id": null,
            "id": "ContainerengineNodePoolOptionDataSource-1870923232",
            "images": [
              "Oracle-Linux-7.4",
              "Oracle-Linux-7.5",
              "Oracle-Linux-7.6"
            ],
            "kubernetes_versions": [
              "v1.23.4",
              "v1.24.1",
              "v1.25.4"
            ],
            "node_pool_option_id": "all",
            "shapes": [
              "BM.Optimized3.36",
              "BM.Standard.A1.160",
              "BM.Standard.E2.64",
              "BM.Standard.E3.128",
              "BM.Standard.E4.128",
              "BM.Standard1.36",
              "BM.Standard2.52",
              "BM.Standard3.64",
              "VM.Optimized3.Flex",
              "VM.Standard.A1.Flex",
              "VM.Standard.E2.1",
              "VM.Standard.E2.2",
              "VM.Standard.E2.4",
              "VM.Standard.E2.8",
              "VM.Standard.E3.Flex",
              "VM.Standard.E4.Flex",
              "VM.Standard1.1",
              "VM.Standard1.16",
              "VM.Standard1.2",
              "VM.Standard1.4",
              "VM.Standard1.8",
              "VM.Standard2.1",
              "VM.Standard2.16",
              "VM.Standard2.2",
              "VM.Standard2.24",
              "VM.Standard2.4",
              "VM.Standard2.8",
              "VM.Standard3.Flex"
            ],
            "sources": [
              {
                "image_id": "ocid1.image.oc1.iad.aaaaaaaafp7ysdbfl2bg67s4jzbpewxo3k772baixa3vwzecwogl474qecza",
                "source_name": "Oracle-Linux-8.6-aarch64-2022.12.15-0-OKE-1.25.4-543",
                "source_type": "IMAGE"
              },
              {
                "image_id": "ocid1.image.oc1.iad.aaaaaaaatkre35d5grrxn2iq3iwoofhdufablza5rrwzin45lhzl5d4vphfq",
                "source_name": "Oracle-Linux-8.6-aarch64-2022.12.15-0-OKE-1.24.1-543",
                "source_type": "IMAGE"
              },
              {
                "image_id": "ocid1.image.oc1.iad.aaaaaaaae6dksxpskja3d7xme4zzkwb4kswqqs3rep3v2drjz3ohygpkpvxa",
                "source_name": "Oracle-Linux-8.6-aarch64-2022.12.15-0-OKE-1.23.4-543",
                "source_type": "IMAGE"
              },
              {
                "image_id": "ocid1.image.oc1.iad.aaaaaaaaweryutjrzklbkgrngfw3m6ymlpkhnpdh6abfqxdpo35mbbyiuz3a",
                "source_name": "Oracle-Linux-8.6-aarch64-2022.10.04-0-OKE-1.25.4-490",
                "source_type": "IMAGE"
              },
              {
                "image_id": "ocid1.image.oc1.iad.aaaaaaaacaoq5x33kmgezkd4kmgp2b7hxtrrnbony3bjh4gmyd3sdv5armeq",
                "source_name": "Oracle-Linux-8.6-aarch64-2022.10.04-0-OKE-1.24.1-490",
                "source_type": "IMAGE"
              },
              {
                "image_id": "ocid1.image.oc1.iad.aaaaaaaahgyl6j7q75sprszraudkjhptrwdshpztuqnjc7zneqeleyumx65q",
                "source_name": "Oracle-Linux-8.6-aarch64-2022.10.04-0-OKE-1.23.4-490",
                "source_type": "IMAGE"
              },
              {
                "image_id": "ocid1.image.oc1.iad.aaaaaaaa375cunsngyvpdfjzqrxoyhhuwxscwysljwla563zcy3w3pqxtmuq",
                "source_name": "Oracle-Linux-8.6-aarch64-2022.08.29-0-OKE-1.24.1-446",
                "source_type": "IMAGE"
              },
              {
                "image_id": "ocid1.image.oc1.iad.aaaaaaaadvcyo7tdzmnpbmuccnxvm5nomyqnynoso2e3moocod345ypoz7ja",
                "source_name": "Oracle-Linux-8.6-aarch64-2022.08.29-0-OKE-1.23.4-446",
                "source_type": "IMAGE"
              },
              {
                "image_id": "ocid1.image.oc1.iad.aaaaaaaamc5kppmuzuox65d5kvwxerdftpoimtr7fydbqbvzrpele7zl6kwa",
                "source_name": "Oracle-Linux-8.6-Gen2-GPU-2022.12.16-0-OKE-1.25.4-543",
                "source_type": "IMAGE"
              },
              {
                "image_id": "ocid1.image.oc1.iad.aaaaaaaa33yvv2khxs4r2upv5bwkv4ga7feugxp5dnrhgfgxhln7v3uo74uq",
                "source_name": "Oracle-Linux-8.6-Gen2-GPU-2022.12.16-0-OKE-1.24.1-543",
                "source_type": "IMAGE"
              },
              {
                "image_id": "ocid1.image.oc1.iad.aaaaaaaatb26mq6hpzl3cy4ev3xbmxpdxn2iqjkkywy5avie2xkdxsjmhfwa",
                "source_name": "Oracle-Linux-8.6-Gen2-GPU-2022.12.16-0-OKE-1.23.4-543",
                "source_type": "IMAGE"
              },
              {
                "image_id": "ocid1.image.oc1.iad.aaaaaaaatobduthqopxk67lzt2fddziw6qn2olwdhtvrwtwhlejbdpjnzsvq",
                "source_name": "Oracle-Linux-8.6-Gen2-GPU-2022.10.04-0-OKE-1.25.4-490",
                "source_type": "IMAGE"
              },
              {
                "image_id": "ocid1.image.oc1.iad.aaaaaaaa7mbcex7dadlsitioemwkynqkspp5myodk7phnnwst5g3a22xy6fa",
                "source_name": "Oracle-Linux-8.6-Gen2-GPU-2022.10.04-0-OKE-1.24.1-490",
                "source_type": "IMAGE"
              },
              {
                "image_id": "ocid1.image.oc1.iad.aaaaaaaazumjusxtdif2niwqwptyv2cdap467xnmzvzslclkg75btogbhc3a",
                "source_name": "Oracle-Linux-8.6-Gen2-GPU-2022.10.04-0-OKE-1.23.4-490",
                "source_type": "IMAGE"
              },
              {
                "image_id": "ocid1.image.oc1.iad.aaaaaaaafjmmbsujflojlfvmqyk3fz3bfuuw7qb5ls2vjttqpscg7fd7wkza",
                "source_name": "Oracle-Linux-8.6-Gen2-GPU-2022.08.29-0-OKE-1.24.1-446",
                "source_type": "IMAGE"
              },
              {
                "image_id": "ocid1.image.oc1.iad.aaaaaaaa5bziufpdx2cj64i4f3refqrnaoznfdubugfxhsaruyzyd7txuzlq",
                "source_name": "Oracle-Linux-8.6-Gen2-GPU-2022.08.29-0-OKE-1.23.4-446",
                "source_type": "IMAGE"
              },
              {
                "image_id": "ocid1.image.oc1.iad.aaaaaaaanv2ck2dnx6tqapiw5uaaxsppsbruygzn22h5hqteljb5anqflkca",
                "source_name": "Oracle-Linux-8.6-2022.12.15-0-OKE-1.25.4-543",
                "source_type": "IMAGE"
              },
              {
                "image_id": "ocid1.image.oc1.iad.aaaaaaaaguxa7xpwbcyvkaxk7clhg6vyg6vce7abyw4wmqqyt3p5pn7s5phq",
                "source_name": "Oracle-Linux-8.6-2022.12.15-0-OKE-1.24.1-543",
                "source_type": "IMAGE"
              },
              {
                "image_id": "ocid1.image.oc1.iad.aaaaaaaauwwokidwf5nfi34ucbvgnjsni3klnfmu6pz73ctdohb2byiw6ztq",
                "source_name": "Oracle-Linux-8.6-2022.12.15-0-OKE-1.23.4-543",
                "source_type": "IMAGE"
              },
              {
                "image_id": "ocid1.image.oc1.iad.aaaaaaaaaifbah2q67fccokvotp6tgvzwriihforzezxc56esayxk3w4j6tq",
                "source_name": "Oracle-Linux-8.6-2022.10.04-0-OKE-1.25.4-491",
                "source_type": "IMAGE"
              },
              {
                "image_id": "ocid1.image.oc1.iad.aaaaaaaa622mvoqcxv3dxx2in7zli7wpapaai2rob6krazybf62ueiph7yaq",
                "source_name": "Oracle-Linux-8.6-2022.10.04-0-OKE-1.24.1-491",
                "source_type": "IMAGE"
              },
              {
                "image_id": "ocid1.image.oc1.iad.aaaaaaaaefbd4cnrt3vbzberxgqjoegfhouf7b4obovbmrh4dpmvl3fhewaq",
                "source_name": "Oracle-Linux-8.6-2022.10.04-0-OKE-1.23.4-491",
                "source_type": "IMAGE"
              },
              {
                "image_id": "ocid1.image.oc1.iad.aaaaaaaauoosagzov3zrg6y7ztu3c7lfg7e73gxwffnifjciviowcxoaihfq",
                "source_name": "Oracle-Linux-8.6-2022.08.29-0-OKE-1.24.1-430",
                "source_type": "IMAGE"
              },
              {
                "image_id": "ocid1.image.oc1.iad.aaaaaaaaj4wdhuleyvg5k3mnpbts2upb4r2fitzoc2xpchdjjejchn6n2exq",
                "source_name": "Oracle-Linux-8.6-2022.08.29-0-OKE-1.23.4-430",
                "source_type": "IMAGE"
              },
              {
                "image_id": "ocid1.image.oc1.iad.aaaaaaaarve4quvabespzemh6uuhklbwrfyokiugg3rfufvfbxootmv2bccq",
                "source_name": "Oracle-Linux-7.9-aarch64-2022.12.15-0-OKE-1.25.4-543",
                "source_type": "IMAGE"
              },
              {
                "image_id": "ocid1.image.oc1.iad.aaaaaaaaiwoqpu5ufhf4trudcbmsbszmm3lwpxvosfgm72apbiya4o4sx5ya",
                "source_name": "Oracle-Linux-7.9-aarch64-2022.12.15-0-OKE-1.24.1-543",
                "source_type": "IMAGE"
              },
              {
                "image_id": "ocid1.image.oc1.iad.aaaaaaaawwgyuxis6ivvhudzo7bx73ltmo52x7inika3bd3bb2g522tfwetq",
                "source_name": "Oracle-Linux-7.9-aarch64-2022.12.15-0-OKE-1.23.4-543",
                "source_type": "IMAGE"
              },
              {
                "image_id": "ocid1.image.oc1.iad.aaaaaaaa2fh4serkbso6cfcftomtzh3d6z6e6lp2praajhw4bxlnodjla3qq",
                "source_name": "Oracle-Linux-7.9-aarch64-2022.10.04-0-OKE-1.25.4-491",
                "source_type": "IMAGE"
              },
              {
                "image_id": "ocid1.image.oc1.iad.aaaaaaaafm6atuxsmnngfwhxqxh3yyjuuletczp3aordrlg5ikyu42ww2t6q",
                "source_name": "Oracle-Linux-7.9-aarch64-2022.10.04-0-OKE-1.24.1-491",
                "source_type": "IMAGE"
              },
              {
                "image_id": "ocid1.image.oc1.iad.aaaaaaaatz7vtmfiikibyiq2fge5vmvhtiv3bgtm5r4otlyk6yh4wbgtgs7a",
                "source_name": "Oracle-Linux-7.9-aarch64-2022.10.04-0-OKE-1.23.4-491",
                "source_type": "IMAGE"
              },
              {
                "image_id": "ocid1.image.oc1.iad.aaaaaaaa3vznqvw2fjwxlanxjvqb77yvg36ynihryahngmjtwg7sntaxeufa",
                "source_name": "Oracle-Linux-7.9-aarch64-2022.08.29-0-OKE-1.24.1-429",
                "source_type": "IMAGE"
              },
              {
                "image_id": "ocid1.image.oc1.iad.aaaaaaaabxzyip36cn7v7ndvsmsayv2vcy2wera33vnpdjwjm2vovlh4ll2a",
                "source_name": "Oracle-Linux-7.9-aarch64-2022.08.29-0-OKE-1.23.4-441",
                "source_type": "IMAGE"
              },
              {
                "image_id": "ocid1.image.oc1.iad.aaaaaaaa5ddlbe7ybst2qir7rx53dhf7nb2yfe4v7jyhrh7eztarabbpce6q",
                "source_name": "Oracle-Linux-7.9-Gen2-GPU-2022.12.16-0-OKE-1.25.4-543",
                "source_type": "IMAGE"
              },
              {
                "image_id": "ocid1.image.oc1.iad.aaaaaaaaljedleonxnv53kvkxprtfnxywk2grq7nxb3ayfn23gmwe6kwvnfa",
                "source_name": "Oracle-Linux-7.9-Gen2-GPU-2022.12.16-0-OKE-1.24.1-543",
                "source_type": "IMAGE"
              },
              {
                "image_id": "ocid1.image.oc1.iad.aaaaaaaasuj34pi3a7pprjin6t4lu27gcubodemzncgs4mw7hsfuyc5fenya",
                "source_name": "Oracle-Linux-7.9-Gen2-GPU-2022.12.16-0-OKE-1.23.4-543",
                "source_type": "IMAGE"
              },
              {
                "image_id": "ocid1.image.oc1.iad.aaaaaaaatubfrgkhdbl3vzn7bko6bqfvhykvdztt5twpvk4vnka4vkdwewiq",
                "source_name": "Oracle-Linux-7.9-Gen2-GPU-2022.10.04-0-OKE-1.25.4-491",
                "source_type": "IMAGE"
              },
              {
                "image_id": "ocid1.image.oc1.iad.aaaaaaaar73axgb6aefcn474ftq6qrofvfuknhbkjaek5nbzb724xzqeeicq",
                "source_name": "Oracle-Linux-7.9-Gen2-GPU-2022.10.04-0-OKE-1.24.1-491",
                "source_type": "IMAGE"
              },
              {
                "image_id": "ocid1.image.oc1.iad.aaaaaaaavnau2scldvjndyykrn4jhagucjhx46qgv5axnjvqxnwah3z2w6oa",
                "source_name": "Oracle-Linux-7.9-Gen2-GPU-2022.10.04-0-OKE-1.23.4-491",
                "source_type": "IMAGE"
              },
              {
                "image_id": "ocid1.image.oc1.iad.aaaaaaaaci6bgikydjtmlq4mxmapxefaa5ce2glulatzsmdp6ys7frhu665q",
                "source_name": "Oracle-Linux-7.9-Gen2-GPU-2022.08.29-0-OKE-1.24.1-431",
                "source_type": "IMAGE"
              },
              {
                "image_id": "ocid1.image.oc1.iad.aaaaaaaa5raga5ta56wkkzdpo2ou55r2j4mkydjkdpjoqgly7i75ubwlwgdq",
                "source_name": "Oracle-Linux-7.9-Gen2-GPU-2022.08.29-0-OKE-1.23.4-441",
                "source_type": "IMAGE"
              },
              {
                "image_id": "ocid1.image.oc1.iad.aaaaaaaak3iqkkblpuzyexd4owwyzlvr52bii4kdxvryc3nddjvf7njc7ayq",
                "source_name": "Oracle-Linux-7.9-2022.12.15-0-OKE-1.25.4-543",
                "source_type": "IMAGE"
              },
              {
                "image_id": "ocid1.image.oc1.iad.aaaaaaaatbphyac6b32punlpubpdgedgc4k5dkvrmelsms77jlpjmw5pyb5a",
                "source_name": "Oracle-Linux-7.9-2022.12.15-0-OKE-1.24.1-543",
                "source_type": "IMAGE"
              },
              {
                "image_id": "ocid1.image.oc1.iad.aaaaaaaa773qikfcn44wugo5v5rude6qrbcrr2qnnbsqypladkhsztd6ojrq",
                "source_name": "Oracle-Linux-7.9-2022.12.15-0-OKE-1.23.4-543",
                "source_type": "IMAGE"
              },
              {
                "image_id": "ocid1.image.oc1.iad.aaaaaaaa5p5rbmpoqdzmmdp3x22yvugtnb2pvcigy4bedotegeci4jytxd4q",
                "source_name": "Oracle-Linux-7.9-2022.10.04-0-OKE-1.25.4-491",
                "source_type": "IMAGE"
              },
              {
                "image_id": "ocid1.image.oc1.iad.aaaaaaaawqh24xbuqluv2iokjpih7tix4l6hobhucnfo6qlw7ooiynx7henq",
                "source_name": "Oracle-Linux-7.9-2022.10.04-0-OKE-1.24.1-491",
                "source_type": "IMAGE"
              },
              {
                "image_id": "ocid1.image.oc1.iad.aaaaaaaal2tni2rlx2oswphm6ujqjlc23hng7ucqczwshstau7fru4q7i7ha",
                "source_name": "Oracle-Linux-7.9-2022.10.04-0-OKE-1.23.4-491",
                "source_type": "IMAGE"
              },
              {
                "image_id": "ocid1.image.oc1.iad.aaaaaaaahzoc2khmwex2alrx2cf4myja4lkgwh6w3j46cm3jjopkjwt2i6mq",
                "source_name": "Oracle-Linux-7.9-2022.08.29-0-OKE-1.24.1-429",
                "source_type": "IMAGE"
              },
              {
                "image_id": "ocid1.image.oc1.iad.aaaaaaaaepdw5fhom2vkejvlsipxic6pcbjhqpcrlwawtrvinlxt6clw2zea",
                "source_name": "Oracle-Linux-7.9-2022.08.29-0-OKE-1.23.4-441",
                "source_type": "IMAGE"
              },
              {
                "image_id": "ocid1.image.oc1.iad.aaaaaaaacb2yngolju7dt3qv5h2wwcb43tsavn77f42ur3si2a45ca7z25ra",
                "source_name": "Oracle-Linux-8.7-aarch64-2023.01.31-3",
                "source_type": "IMAGE"
              },
              {
                "image_id": "ocid1.image.oc1.iad.aaaaaaaa3mmo34yhcr377g5d6gfoj3nb7pr272ocup6qeeawere52rndqdaa",
                "source_name": "Oracle-Linux-8.7-Gen2-GPU-2023.01.31-3",
                "source_type": "IMAGE"
              },
              {
                "image_id": "ocid1.image.oc1.iad.aaaaaaaayrldglwozuedpvfllelnmthkcbd5irmjyeih56a4tslst2rne6jq",
                "source_name": "Oracle-Linux-8.7-2023.01.31-3",
                "source_type": "IMAGE"
              },
              {
                "image_id": "ocid1.image.oc1.iad.aaaaaaaabta3gqhlfoam3l7rayd4inr6hhg4cmvcqb7p43qadkiehnszyuka",
                "source_name": "Oracle-Linux-8.6-aarch64-2022.12.15-0",
                "source_type": "IMAGE"
              },
              {
                "image_id": "ocid1.image.oc1.iad.aaaaaaaa7gm4tpdkzbcjnmkmybbfsgxhnph5wwu6ku57dvomkgqiasctbyzq",
                "source_name": "Oracle-Linux-8.6-aarch64-2022.12.06-0",
                "source_type": "IMAGE"
              },
              {
                "image_id": "ocid1.image.oc1.iad.aaaaaaaagwuaeng6ipyg7qm36e3pyglgc3ebwrfh7v2b6lmbew44k47fpbuq",
                "source_name": "Oracle-Linux-8.6-Gen2-GPU-2022.12.16-0",
                "source_type": "IMAGE"
              },
              {
                "image_id": "ocid1.image.oc1.iad.aaaaaaaa5ehusrjrig2yhgx5abfldzkqtuwifu6qmalusxqrigziw7i6nguq",
                "source_name": "Oracle-Linux-8.6-Gen2-GPU-2022.11.21-0",
                "source_type": "IMAGE"
              },
              {
                "image_id": "ocid1.image.oc1.iad.aaaaaaaa4m3bxzwpfcrthy3x74rozkmsxpnru4zcmlmta3yehg3rptvui7jq",
                "source_name": "Oracle-Linux-8.6-2022.12.15-0",
                "source_type": "IMAGE"
              },
              {
                "image_id": "ocid1.image.oc1.iad.aaaaaaaak6w63p4ddsxlh2hgqh2vycoivsdevwy2utwsqjxwcvsj4vfstlqa",
                "source_name": "Oracle-Linux-8.6-2022.11.21-0",
                "source_type": "IMAGE"
              },
              {
                "image_id": "ocid1.image.oc1.iad.aaaaaaaas4d3ov5u4gognzw5xzhwmh2tifdr2k7uulsm5qsqzmxg542sp6uq",
                "source_name": "Oracle-Linux-7.9-aarch64-2023.01.31-2",
                "source_type": "IMAGE"
              },
              {
                "image_id": "ocid1.image.oc1.iad.aaaaaaaa6wi7kgeum4ttpr3gje3iows4zgfyvfshquwqhfuyhgetjows5rda",
                "source_name": "Oracle-Linux-7.9-aarch64-2022.12.15-0",
                "source_type": "IMAGE"
              },
              {
                "image_id": "ocid1.image.oc1.iad.aaaaaaaa5wukqurg6shklj3pvss4ahhufg2vwtbx7fpregvvrvkc4i4pctia",
                "source_name": "Oracle-Linux-7.9-aarch64-2022.11.21-0",
                "source_type": "IMAGE"
              },
              {
                "image_id": "ocid1.image.oc1.iad.aaaaaaaavwefeotj5sdb7noiy33noigh26lhxmxjnjcxt2racehjnhjfe6ia",
                "source_name": "Oracle-Linux-7.9-Gen2-GPU-2023.01.31-2",
                "source_type": "IMAGE"
              },
              {
                "image_id": "ocid1.image.oc1.iad.aaaaaaaas5vklgzmfndj62qikowvsmxci25yeyao6tsmlhvyv56hyprpcflq",
                "source_name": "Oracle-Linux-7.9-Gen2-GPU-2022.12.16-0",
                "source_type": "IMAGE"
              },
              {
                "image_id": "ocid1.image.oc1.iad.aaaaaaaafm3ynzjn4mxlebq73nbkagwfhk2sjlblijrblfzthrdneb3u6xxa",
                "source_name": "Oracle-Linux-7.9-Gen2-GPU-2022.11.21-0",
                "source_type": "IMAGE"
              },
              {
                "image_id": "ocid1.image.oc1.iad.aaaaaaaabf7eivnrcvuj7z3nocpwtmnn45f6b6qvdim7zdcifh7fhzic2mda",
                "source_name": "Oracle-Linux-7.9-2023.01.31-2",
                "source_type": "IMAGE"
              },
              {
                "image_id": "ocid1.image.oc1.iad.aaaaaaaajjzk6vhg45b5juiuntj2z7s2nz4rc5kb2rfevv4wv3nmv5n33uta",
                "source_name": "Oracle-Linux-7.9-2022.12.15-0",
                "source_type": "IMAGE"
              },
              {
                "image_id": "ocid1.image.oc1.iad.aaaaaaaaxnniiwolr6k5smo4gybuys37zraeodjip6rxjghtzg76ajryeioq",
                "source_name": "Oracle-Linux-7.9-2022.11.21-0",
                "source_type": "IMAGE"
              },
              {
                "image_id": "ocid1.image.oc1.iad.aaaaaaaay66pu7z27ltbx2uuatzgfywzixbp34wx7xoze52pk33psz47vlfa",
                "source_name": "Oracle-Linux-7.6",
                "source_type": "IMAGE"
              }
            ]
          },
          "sensitive_attributes": []
        }
      ]
    },
    {
      "module": "module.oci-oke",
      "mode": "data",
      "type": "oci_identity_availability_domains",
      "name": "AD",
      "provider": "provider[\"registry.terraform.io/oracle/oci\"]",
      "instances": [
        {
          "schema_version": 0,
          "attributes": {
            "availability_domains": [],
            "compartment_id": "ocid1.tenancy.oc1..aaaaaaaah3wlmwmwrynp25zu6n6yecwsgoy56qt7qc6mm3akttkkfpfcgdxa",
            "filter": [
              {
                "name": "name",
                "regex": false,
                "values": [
                  ""
                ]
              }
            ],
            "id": "IdentityAvailabilityDomainsDataSource-1723091224"
          },
          "sensitive_attributes": []
        }
      ]
    },
    {
      "module": "module.oci-oke",
      "mode": "data",
      "type": "oci_identity_availability_domains",
      "name": "ADs",
      "provider": "provider[\"registry.terraform.io/oracle/oci\"]",
      "instances": [
        {
          "schema_version": 0,
          "attributes": {
            "availability_domains": [
              {
                "compartment_id": "ocid1.tenancy.oc1..aaaaaaaah3wlmwmwrynp25zu6n6yecwsgoy56qt7qc6mm3akttkkfpfcgdxa",
                "id": "ocid1.availabilitydomain.oc1..aaaaaaaaztunlny6ae4yw2vghp5go2zceaonwp6wiioe3tnh2vlaxjjl2n3a",
                "name": "QlMi:US-ASHBURN-AD-1"
              },
              {
                "compartment_id": "ocid1.tenancy.oc1..aaaaaaaah3wlmwmwrynp25zu6n6yecwsgoy56qt7qc6mm3akttkkfpfcgdxa",
                "id": "ocid1.availabilitydomain.oc1..aaaaaaaauvt2n7pijol7uqgdnnsoojcukrijtmcltvfwxazmitk235wyohta",
                "name": "QlMi:US-ASHBURN-AD-2"
              },
              {
                "compartment_id": "ocid1.tenancy.oc1..aaaaaaaah3wlmwmwrynp25zu6n6yecwsgoy56qt7qc6mm3akttkkfpfcgdxa",
                "id": "ocid1.availabilitydomain.oc1..aaaaaaaatrwxaogr7dl4yschqtrmqrdv6uzis3mgbnomiagqrfhcb7mxsfdq",
                "name": "QlMi:US-ASHBURN-AD-3"
              }
            ],
            "compartment_id": "ocid1.tenancy.oc1..aaaaaaaah3wlmwmwrynp25zu6n6yecwsgoy56qt7qc6mm3akttkkfpfcgdxa",
            "filter": null,
            "id": "IdentityAvailabilityDomainsDataSource-1723091224"
          },
          "sensitive_attributes": []
        }
      ]
    },
    {
      "module": "module.oci-oke",
      "mode": "managed",
      "type": "oci_containerengine_cluster",
      "name": "oci_oke_cluster",
      "provider": "provider[\"registry.terraform.io/oracle/oci\"]",
      "instances": [
        {
          "schema_version": 0,
          "attributes": {
            "available_kubernetes_upgrades": [
              "v1.25.4"
            ],
            "cluster_pod_network_options": [
              {
                "cni_type": "OCI_VCN_IP_NATIVE"
              }
            ],
            "compartment_id": "ocid1.compartment.oc1..aaaaaaaabyh4zkerzqvik7he6v26536omlrtpaw43q2rqmqcsgleme7jqqfq",
            "defined_tags": {
              "Oracle-Tags.CreatedBy": "default/anudeep.11703301@gmail.com",
              "Oracle-Tags.CreatedOn": "2023-03-01T19:04:43.860Z"
            },
            "endpoint_config": [
              {
                "is_public_ip_enabled": false,
                "nsg_ids": [],
                "subnet_id": "ocid1.subnet.oc1.iad.aaaaaaaaqhqiy6za4xuw7ltlh243xftzwfyel257grgjt4z23ntvnnczphua"
              }
            ],
            "endpoints": [
              {
                "kubernetes": "",
                "private_endpoint": "10.0.1.199:6443",
                "public_endpoint": "",
                "vcn_hostname_endpoint": ""
              }
            ],
            "freeform_tags": {},
            "id": "ocid1.cluster.oc1.iad.aaaaaaaasqeawrdy2jzzjbxl22bd4wqsh45dth7u5pz4rvlikcncfnnv6afa",
            "image_policy_config": [
              {
                "is_policy_enabled": false,
                "key_details": []
              }
            ],
            "kms_key_id": null,
            "kubernetes_version": "v1.24.1",
            "lifecycle_details": null,
            "metadata": [
              {
                "created_by_user_id": "ocid1.user.oc1..aaaaaaaadhxjz3hthp2s6zbuyda73fcfihhfbsqwjy6anauly5sll52vefsa",
                "created_by_work_request_id": "ocid1.clustersworkrequest.oc1.iad.aaaaaaaab54yjxmzqn4ihrnfwdb3q77lywtfquucdlajizi7fwn7hxyyylva",
                "deleted_by_user_id": "",
                "deleted_by_work_request_id": "",
                "time_created": "2023-03-01 19:04:44 +0000 UTC",
                "time_deleted": "",
                "time_updated": "",
                "updated_by_user_id": "",
                "updated_by_work_request_id": ""
              }
            ],
            "name": "Anudeep_OKE_Cluster",
            "options": [
              {
                "add_ons": [
                  {
                    "is_kubernetes_dashboard_enabled": true,
                    "is_tiller_enabled": true
                  }
                ],
                "admission_controller_options": [
                  {
                    "is_pod_security_policy_enabled": false
                  }
                ],
                "kubernetes_network_config": [
                  {
                    "pods_cidr": "10.244.0.0/16",
                    "services_cidr": "10.96.0.0/16"
                  }
                ],
                "persistent_volume_config": [
                  {
                    "defined_tags": {},
                    "freeform_tags": {}
                  }
                ],
                "service_lb_config": [
                  {
                    "defined_tags": {},
                    "freeform_tags": {}
                  }
                ],
                "service_lb_subnet_ids": [
                  "ocid1.subnet.oc1.iad.aaaaaaaalamblo6ndyflrrrhf5vz3ixf4a4psbn4rjsm4rupllqsqvcrb7ja"
                ]
              }
            ],
            "state": "ACTIVE",
            "timeouts": null,
            "vcn_id": "ocid1.vcn.oc1.iad.amaaaaaaczuohiiavvusysopb6k4fxtcn4ak5gzjupofs5y4yh3mromtwjka"
          },
          "sensitive_attributes": [],
          "private": "eyJlMmJmYjczMC1lY2FhLTExZTYtOGY4OC0zNDM2M2JjN2M0YzAiOnsiY3JlYXRlIjozNjAwMDAwMDAwMDAwLCJkZWxldGUiOjM2MDAwMDAwMDAwMDAsInVwZGF0ZSI6MzYwMDAwMDAwMDAwMH19",
          "dependencies": [
            "module.oci-oke.data.oci_core_services.AllOCIServices",
            "module.oci-oke.oci_core_internet_gateway.oke_igw",
            "module.oci-oke.oci_core_nat_gateway.oke_natgw",
            "module.oci-oke.oci_core_route_table.oke_rt_via_igw",
            "module.oci-oke.oci_core_route_table.oke_rt_via_natgw_and_sg",
            "module.oci-oke.oci_core_security_list.oke_api_endpoint_subnet_sec_list",
            "module.oci-oke.oci_core_service_gateway.oke_sg",
            "module.oci-oke.oci_core_subnet.oke_api_endpoint_subnet",
            "module.oci-oke.oci_core_subnet.oke_lb_subnet",
            "module.oci-oke.oci_core_vcn.oke_vcn"
          ]
        }
      ]
    },
    {
      "module": "module.oci-oke",
      "mode": "managed",
      "type": "oci_containerengine_node_pool",
      "name": "oci_oke_node_pool",
      "provider": "provider[\"registry.terraform.io/oracle/oci\"]",
      "instances": [
        {
          "schema_version": 0,
          "attributes": {
            "cluster_id": "ocid1.cluster.oc1.iad.aaaaaaaasqeawrdy2jzzjbxl22bd4wqsh45dth7u5pz4rvlikcncfnnv6afa",
            "compartment_id": "ocid1.compartment.oc1..aaaaaaaabyh4zkerzqvik7he6v26536omlrtpaw43q2rqmqcsgleme7jqqfq",
            "defined_tags": {
              "Oracle-Tags.CreatedBy": "default/anudeep.11703301@gmail.com",
              "Oracle-Tags.CreatedOn": "2023-03-01T19:15:25.356Z"
            },
            "freeform_tags": {},
            "id": "ocid1.nodepool.oc1.iad.aaaaaaaa7qkhptyt24wm7ctz6wxhvlj5x7k6nlaqdpjtpomw6n7whnywutka",
            "initial_node_labels": [
              {
                "key": "key",
                "value": "value"
              }
            ],
            "kubernetes_version": "v1.24.1",
            "lifecycle_details": null,
            "name": "Anudeep_Node_Pool",
            "node_config_details": [
              {
                "defined_tags": {},
                "freeform_tags": {},
                "is_pv_encryption_in_transit_enabled": false,
                "kms_key_id": "",
                "node_pool_pod_network_option_details": [
                  {
                    "cni_type": "OCI_VCN_IP_NATIVE",
                    "max_pods_per_node": 10,
                    "pod_nsg_ids": [],
                    "pod_subnet_ids": [
                      "ocid1.subnet.oc1.iad.aaaaaaaaipoqvfjmtfvdi5d3fc5ypynj25f2okwpqhgdhoq6owhseitlqnbq"
                    ]
                  }
                ],
                "nsg_ids": [],
                "placement_configs": [
                  {
                    "availability_domain": "QlMi:US-ASHBURN-AD-1",
                    "capacity_reservation_id": "",
                    "fault_domains": [],
                    "subnet_id": "ocid1.subnet.oc1.iad.aaaaaaaa5w3v5rt4q6nyvrp2yx6gxd7bkjqoludlrk5krb6nfj4gxkipoo2q"
                  },
                  {
                    "availability_domain": "QlMi:US-ASHBURN-AD-2",
                    "capacity_reservation_id": "",
                    "fault_domains": [],
                    "subnet_id": "ocid1.subnet.oc1.iad.aaaaaaaa5w3v5rt4q6nyvrp2yx6gxd7bkjqoludlrk5krb6nfj4gxkipoo2q"
                  },
                  {
                    "availability_domain": "QlMi:US-ASHBURN-AD-3",
                    "capacity_reservation_id": "",
                    "fault_domains": [],
                    "subnet_id": "ocid1.subnet.oc1.iad.aaaaaaaa5w3v5rt4q6nyvrp2yx6gxd7bkjqoludlrk5krb6nfj4gxkipoo2q"
                  }
                ],
                "size": 1
              }
            ],
            "node_eviction_node_pool_settings": [
              {
                "eviction_grace_duration": "PT0S",
                "is_force_delete_after_grace_duration": true
              }
            ],
            "node_image_id": "ocid1.image.oc1.iad.aaaaaaaaguxa7xpwbcyvkaxk7clhg6vyg6vce7abyw4wmqqyt3p5pn7s5phq",
            "node_image_name": "Oracle-Linux-8.6-2022.12.15-0-OKE-1.24.1-543",
            "node_metadata": {},
            "node_shape": "VM.Standard.E4.Flex",
            "node_shape_config": [
              {
                "memory_in_gbs": 4,
                "ocpus": 2
              }
            ],
            "node_source": [
              {
                "image_id": "ocid1.image.oc1.iad.aaaaaaaaguxa7xpwbcyvkaxk7clhg6vyg6vce7abyw4wmqqyt3p5pn7s5phq",
                "source_name": "Oracle-Linux-8.6-2022.12.15-0-OKE-1.24.1-543",
                "source_type": "IMAGE"
              }
            ],
            "node_source_details": [
              {
                "boot_volume_size_in_gbs": "50",
                "image_id": "ocid1.image.oc1.iad.aaaaaaaaguxa7xpwbcyvkaxk7clhg6vyg6vce7abyw4wmqqyt3p5pn7s5phq",
                "source_type": "IMAGE"
              }
            ],
            "nodes": [
              {
                "availability_domain": "QlMi:US-ASHBURN-AD-1",
                "defined_tags": {},
                "error": [],
                "fault_domain": "FAULT-DOMAIN-1",
                "freeform_tags": {},
                "id": "ocid1.instance.oc1.iad.anuwcljsczuohiicl2c6nsc7x5moqws37zdzvwe7ggozhg7x4d7cxynzkwyq",
                "kubernetes_version": "v1.24.1",
                "lifecycle_details": "",
                "name": "oke-cncfnnv6afa-n7whnywutka-s4gxkipoo2q-0",
                "node_pool_id": "ocid1.nodepool.oc1.iad.aaaaaaaa7qkhptyt24wm7ctz6wxhvlj5x7k6nlaqdpjtpomw6n7whnywutka",
                "private_ip": "10.0.2.22",
                "public_ip": "",
                "state": "ACTIVE",
                "subnet_id": "ocid1.subnet.oc1.iad.aaaaaaaa5w3v5rt4q6nyvrp2yx6gxd7bkjqoludlrk5krb6nfj4gxkipoo2q"
              }
            ],
            "quantity_per_subnet": 0,
            "ssh_public_key": "ssh-rsa AAAAB3NzaC1yc2EAAAADAQABAAABAQDOHN7O3aUZr+PKMEdWCeh3S06UxrUhHvw3QtDFijYNfGvouJESyLLEBNNiQYu1duKVK9Q0LxuKDOxD6e1ylWn6YH9XIg3XY8SdDhA6nd8hLZ5Ci/tZAIJZNphJiiExWronTHHAteeU3/07l9p+DmoIgxY/lJd1jgJyzjx2ZrHirAMTLaiK4CgkUA05mOYQbgL5uT3rlCO74PF/KC/ZXEs8OSQHkjmi2AhP+ZhxVreBTGYfH1E33Pt1MePvpxJ4Is22HKoLQ5HM+aysdT0oqEyOTzPi63PsqImi6KHt2hC/v1/6vuXyFnkM9fFySRAKnweRVkPlSQy53BwI/3qGvv1j\n",
            "state": "ACTIVE",
            "subnet_ids": [
              "ocid1.subnet.oc1.iad.aaaaaaaa5w3v5rt4q6nyvrp2yx6gxd7bkjqoludlrk5krb6nfj4gxkipoo2q"
            ],
            "timeouts": null
          },
          "sensitive_attributes": [],
          "private": "eyJlMmJmYjczMC1lY2FhLTExZTYtOGY4OC0zNDM2M2JjN2M0YzAiOnsiY3JlYXRlIjozMDAwMDAwMDAwMDAwLCJkZWxldGUiOjMwMDAwMDAwMDAwMDAsInVwZGF0ZSI6MzAwMDAwMDAwMDAwMH19",
          "dependencies": [
            "module.oci-oke.data.oci_containerengine_node_pool_option.oci_oke_node_pool_option",
            "module.oci-oke.data.oci_core_services.AllOCIServices",
            "module.oci-oke.data.oci_identity_availability_domains.AD",
            "module.oci-oke.data.oci_identity_availability_domains.ADs",
            "module.oci-oke.oci_containerengine_cluster.oci_oke_cluster",
            "module.oci-oke.oci_core_internet_gateway.oke_igw",
            "module.oci-oke.oci_core_nat_gateway.oke_natgw",
            "module.oci-oke.oci_core_route_table.oke_rt_via_igw",
            "module.oci-oke.oci_core_route_table.oke_rt_via_natgw_and_sg",
            "module.oci-oke.oci_core_security_list.oke_api_endpoint_subnet_sec_list",
            "module.oci-oke.oci_core_security_list.oke_nodepool_subnet_sec_list",
            "module.oci-oke.oci_core_service_gateway.oke_sg",
            "module.oci-oke.oci_core_subnet.oke_api_endpoint_subnet",
            "module.oci-oke.oci_core_subnet.oke_lb_subnet",
            "module.oci-oke.oci_core_subnet.oke_nodepool_subnet",
            "module.oci-oke.oci_core_vcn.oke_vcn",
            "module.oci-oke.tls_private_key.public_private_key_pair"
          ]
        }
      ]
    },
    {
      "module": "module.oci-oke",
      "mode": "managed",
      "type": "oci_core_subnet",
      "name": "oke_api_endpoint_subnet",
      "provider": "provider[\"registry.terraform.io/oracle/oci\"]",
      "instances": []
    },
    {
      "module": "module.oci-oke",
      "mode": "managed",
      "type": "oci_core_subnet",
      "name": "oke_lb_subnet",
      "provider": "provider[\"registry.terraform.io/oracle/oci\"]",
      "instances": []
    },
    {
      "module": "module.oci-oke",
      "mode": "managed",
      "type": "oci_core_subnet",
      "name": "oke_nodepool_subnet",
      "provider": "provider[\"registry.terraform.io/oracle/oci\"]",
      "instances": []
    },
    {
      "module": "module.oci-oke",
      "mode": "managed",
      "type": "oci_core_vcn",
      "name": "oke_vcn",
      "provider": "provider[\"registry.terraform.io/oracle/oci\"]",
      "instances": []
    },
    {
      "module": "module.oci-oke",
      "mode": "managed",
      "type": "tls_private_key",
      "name": "public_private_key_pair",
      "provider": "provider[\"registry.terraform.io/hashicorp/tls\"]",
      "instances": [
        {
          "schema_version": 1,
          "attributes": {
            "algorithm": "RSA",
            "ecdsa_curve": "P224",
            "id": "10798d79c82d0a1b4e4ab0a7b1fe5fa99cd27f76",
            "private_key_openssh": "-----BEGIN OPENSSH PRIVATE KEY-----\nb3BlbnNzaC1rZXktdjEAAAAABG5vbmUAAAAEbm9uZQAAAAAAAAABAAABFwAAAAdz\nc2gtcnNhAAAAAwEAAQAAAQEAzhzezt2lGa/jyjBHVgnod0tOlMa1IR78N0LQxYo2\nDXxr6LiREsiyxATTYkGLtXbilSvUNC8bigzsQ+ntcpVp+mB/VyIN12PEnQ4QOp3f\nIS2eQov7WQCCWTaYSYohMVq6J0xxwLXnlN/9O5fafg5qCIMWP5SXdY4Ccs48dmax\n4qwDEy2oiuAoJFANOZjmEG4C+bk965Qju+Dxfygv2VxLPDkkB5I5otgIT/mYcVa3\ngUxmHx9RN9z7dTHj76cSeCLNthyqC0ORzPmsrHU9KKhMjk8z4utz7KiJouih7doQ\nv79f+r7l8hZ5DPXxckkQCp8HkVZD5UkMudwcCP96hr79YwAAA7j9N6+k/TevpAAA\nAAdzc2gtcnNhAAABAQDOHN7O3aUZr+PKMEdWCeh3S06UxrUhHvw3QtDFijYNfGvo\nuJESyLLEBNNiQYu1duKVK9Q0LxuKDOxD6e1ylWn6YH9XIg3XY8SdDhA6nd8hLZ5C\ni/tZAIJZNphJiiExWronTHHAteeU3/07l9p+DmoIgxY/lJd1jgJyzjx2ZrHirAMT\nLaiK4CgkUA05mOYQbgL5uT3rlCO74PF/KC/ZXEs8OSQHkjmi2AhP+ZhxVreBTGYf\nH1E33Pt1MePvpxJ4Is22HKoLQ5HM+aysdT0oqEyOTzPi63PsqImi6KHt2hC/v1/6\nvuXyFnkM9fFySRAKnweRVkPlSQy53BwI/3qGvv1jAAAAAwEAAQAAAQBaQgRD/IWf\nIQoUcV3bzIzzKJQpzHZnIaV7IZRA3QxcjX7Hs4M8AY1fD2nt3hwrA/unLUFI9NQP\neSdBekAT7GAzV2yMIIqFJthjmlP7B0U9xzdFlv0jdXifTqwTkByG+18HdI9fv4jB\nBfFj1lTE3NUMEzN79jr5LI3f7nZFtyTwyG798HP+VoevmqOTlqwZLUdnls/9jf2u\ndHKt9uW70zl5pxh8gUSMFbxvX7E2FVBBeRVTgkQBfZxuIwLNSKfBvHF7aVdxSooh\nRyILM/cbwJkF1nki3sa5fVvFULFbXlelt5LMTUXt6XUBl7ujHpNrnABBpVDtbViv\nFg61ReipRcR5AAAAgQDOKoFqogw0Zo1peCKa9H3wibWyuTu5ANCjiAtRyMNsbijX\nFShX4cJq8V1zywA9AudU+IWF+3ftAog+7mOjUSmBo6ywP6nRHy9E7ToQGOu8X8XV\nzK5QU77kV2oaWjm2bzB/fuCPbQwLtg9OeYAByXX15u7dM9g4G+N0getDUKIUCwAA\nAIEA1Z+hWptkl9rcyq7QkzPRVtW+Y/TYSxgiEuLRWpLhrfGHUaqEocn34lmNSm6U\nAMIs8AEKqguYtP6jgXMyjeQ/Q6h9YVhYnwHrd96Xf+ETLrQbpl0onDJmI2UuCqqE\n2cxgD3+xm34piE0PMoQKVAqPcWRA6CzHITjHRIA9KIAJ4I8AAACBAPb/0p0juTOo\nndxuTp6hjFWbbY9FnXG296d4sGTyMVCPwidAW+38clqrwEz+8m8KClcYxt1SDlOm\nPU9QZzxCJIDAMlomaEp4nzEd/LCJA7qO23CJrYbvafeJKaHQph7Ww2u96HCFwOb7\nSQa2a7R/KSBTcai7Gc/GxurKN/yq3tftAAAAAAEC\n-----END OPENSSH PRIVATE KEY-----\n",
            "private_key_pem": "-----BEGIN RSA PRIVATE KEY-----\nMIIEpAIBAAKCAQEAzhzezt2lGa/jyjBHVgnod0tOlMa1IR78N0LQxYo2DXxr6LiR\nEsiyxATTYkGLtXbilSvUNC8bigzsQ+ntcpVp+mB/VyIN12PEnQ4QOp3fIS2eQov7\nWQCCWTaYSYohMVq6J0xxwLXnlN/9O5fafg5qCIMWP5SXdY4Ccs48dmax4qwDEy2o\niuAoJFANOZjmEG4C+bk965Qju+Dxfygv2VxLPDkkB5I5otgIT/mYcVa3gUxmHx9R\nN9z7dTHj76cSeCLNthyqC0ORzPmsrHU9KKhMjk8z4utz7KiJouih7doQv79f+r7l\n8hZ5DPXxckkQCp8HkVZD5UkMudwcCP96hr79YwIDAQABAoIBAFpCBEP8hZ8hChRx\nXdvMjPMolCnMdmchpXshlEDdDFyNfsezgzwBjV8Pae3eHCsD+6ctQUj01A95J0F6\nQBPsYDNXbIwgioUm2GOaU/sHRT3HN0WW/SN1eJ9OrBOQHIb7Xwd0j1+/iMEF8WPW\nVMTc1QwTM3v2Ovksjd/udkW3JPDIbv3wc/5Wh6+ao5OWrBktR2eWz/2N/a50cq32\n5bvTOXmnGHyBRIwVvG9fsTYVUEF5FVOCRAF9nG4jAs1Ip8G8cXtpV3FKiiFHIgsz\n9xvAmQXWeSLexrl9W8VQsVteV6W3ksxNRe3pdQGXu6Mek2ucAEGlUO1tWK8WDrVF\n6KlFxHkCgYEA1Z+hWptkl9rcyq7QkzPRVtW+Y/TYSxgiEuLRWpLhrfGHUaqEocn3\n4lmNSm6UAMIs8AEKqguYtP6jgXMyjeQ/Q6h9YVhYnwHrd96Xf+ETLrQbpl0onDJm\nI2UuCqqE2cxgD3+xm34piE0PMoQKVAqPcWRA6CzHITjHRIA9KIAJ4I8CgYEA9v/S\nnSO5M6id3G5OnqGMVZttj0Wdcbb3p3iwZPIxUI/CJ0Bb7fxyWqvATP7ybwoKVxjG\n3VIOU6Y9T1BnPEIkgMAyWiZoSnifMR38sIkDuo7bcImthu9p94kpodCmHtbDa73o\ncIXA5vtJBrZrtH8pIFNxqLsZz8bG6so3/Kre1+0CgYB6A0rtrYOvGFqziVWoPhh7\nOGoePWKswYP0tYhN60brSuC3TGWk4u6qYevJb48pP77a9j1ZEnaOKkLJVTqywINB\n6aJzTzqO11HejUyKxctnCYghZWQkksSzwr6haPOoUosrTwvqfAzMxPbBK5mals2H\nPnO0KJ8z4nIuNfC4iSkbEQKBgQDLTpdVsOnok4ocvs8H04FnlaAAphSKXUhMGRNY\ng+IDpdDx7g+9PGYELAsFVXTH4UPRnRtTYQ9Z2yPr/Qp8lxTkxU6s1aBSbCbcjwpH\nZQAktyH459pljvtyPPx/rPaPu8bvEEobFH1LotrhI5ZT47c+XHDZqef9Fmj1Ka4b\n06nJoQKBgQDOKoFqogw0Zo1peCKa9H3wibWyuTu5ANCjiAtRyMNsbijXFShX4cJq\n8V1zywA9AudU+IWF+3ftAog+7mOjUSmBo6ywP6nRHy9E7ToQGOu8X8XVzK5QU77k\nV2oaWjm2bzB/fuCPbQwLtg9OeYAByXX15u7dM9g4G+N0getDUKIUCw==\n-----END RSA PRIVATE KEY-----\n",
            "private_key_pem_pkcs8": "-----BEGIN PRIVATE KEY-----\nMIIEvgIBADANBgkqhkiG9w0BAQEFAASCBKgwggSkAgEAAoIBAQDOHN7O3aUZr+PK\nMEdWCeh3S06UxrUhHvw3QtDFijYNfGvouJESyLLEBNNiQYu1duKVK9Q0LxuKDOxD\n6e1ylWn6YH9XIg3XY8SdDhA6nd8hLZ5Ci/tZAIJZNphJiiExWronTHHAteeU3/07\nl9p+DmoIgxY/lJd1jgJyzjx2ZrHirAMTLaiK4CgkUA05mOYQbgL5uT3rlCO74PF/\nKC/ZXEs8OSQHkjmi2AhP+ZhxVreBTGYfH1E33Pt1MePvpxJ4Is22HKoLQ5HM+ays\ndT0oqEyOTzPi63PsqImi6KHt2hC/v1/6vuXyFnkM9fFySRAKnweRVkPlSQy53BwI\n/3qGvv1jAgMBAAECggEAWkIEQ/yFnyEKFHFd28yM8yiUKcx2ZyGleyGUQN0MXI1+\nx7ODPAGNXw9p7d4cKwP7py1BSPTUD3knQXpAE+xgM1dsjCCKhSbYY5pT+wdFPcc3\nRZb9I3V4n06sE5AchvtfB3SPX7+IwQXxY9ZUxNzVDBMze/Y6+SyN3+52Rbck8Mhu\n/fBz/laHr5qjk5asGS1HZ5bP/Y39rnRyrfblu9M5eacYfIFEjBW8b1+xNhVQQXkV\nU4JEAX2cbiMCzUinwbxxe2lXcUqKIUciCzP3G8CZBdZ5It7GuX1bxVCxW15XpbeS\nzE1F7el1AZe7ox6Ta5wAQaVQ7W1YrxYOtUXoqUXEeQKBgQDVn6Fam2SX2tzKrtCT\nM9FW1b5j9NhLGCIS4tFakuGt8YdRqoShyffiWY1KbpQAwizwAQqqC5i0/qOBczKN\n5D9DqH1hWFifAet33pd/4RMutBumXSicMmYjZS4KqoTZzGAPf7GbfimITQ8yhApU\nCo9xZEDoLMchOMdEgD0ogAngjwKBgQD2/9KdI7kzqJ3cbk6eoYxVm22PRZ1xtven\neLBk8jFQj8InQFvt/HJaq8BM/vJvCgpXGMbdUg5Tpj1PUGc8QiSAwDJaJmhKeJ8x\nHfywiQO6jttwia2G72n3iSmh0KYe1sNrvehwhcDm+0kGtmu0fykgU3GouxnPxsbq\nyjf8qt7X7QKBgHoDSu2tg68YWrOJVag+GHs4ah49YqzBg/S1iE3rRutK4LdMZaTi\n7qph68lvjyk/vtr2PVkSdo4qQslVOrLAg0HponNPOo7XUd6NTIrFy2cJiCFlZCSS\nxLPCvqFo86hSiytPC+p8DMzE9sErmZqWzYc+c7QonzPici418LiJKRsRAoGBAMtO\nl1Ww6eiTihy+zwfTgWeVoACmFIpdSEwZE1iD4gOl0PHuD708ZgQsCwVVdMfhQ9Gd\nG1NhD1nbI+v9CnyXFOTFTqzVoFJsJtyPCkdlACS3Ifjn2mWO+3I8/H+s9o+7xu8Q\nShsUfUui2uEjllPjtz5ccNmp5/0WaPUprhvTqcmhAoGBAM4qgWqiDDRmjWl4Ipr0\nffCJtbK5O7kA0KOIC1HIw2xuKNcVKFfhwmrxXXPLAD0C51T4hYX7d+0CiD7uY6NR\nKYGjrLA/qdEfL0TtOhAY67xfxdXMrlBTvuRXahpaObZvMH9+4I9tDAu2D055gAHJ\ndfXm7t0z2Dgb43SB60NQohQL\n-----END PRIVATE KEY-----\n",
            "public_key_fingerprint_md5": "80:9b:b1:29:b4:bf:7e:ba:9d:8a:88:b4:7f:fa:2d:b1",
            "public_key_fingerprint_sha256": "SHA256:iWbjHu2QvkSmidkG/MmR9RIkdj/O3dn8jMZKYYTpw40",
            "public_key_openssh": "ssh-rsa AAAAB3NzaC1yc2EAAAADAQABAAABAQDOHN7O3aUZr+PKMEdWCeh3S06UxrUhHvw3QtDFijYNfGvouJESyLLEBNNiQYu1duKVK9Q0LxuKDOxD6e1ylWn6YH9XIg3XY8SdDhA6nd8hLZ5Ci/tZAIJZNphJiiExWronTHHAteeU3/07l9p+DmoIgxY/lJd1jgJyzjx2ZrHirAMTLaiK4CgkUA05mOYQbgL5uT3rlCO74PF/KC/ZXEs8OSQHkjmi2AhP+ZhxVreBTGYfH1E33Pt1MePvpxJ4Is22HKoLQ5HM+aysdT0oqEyOTzPi63PsqImi6KHt2hC/v1/6vuXyFnkM9fFySRAKnweRVkPlSQy53BwI/3qGvv1j\n",
            "public_key_pem": "-----BEGIN PUBLIC KEY-----\nMIIBIjANBgkqhkiG9w0BAQEFAAOCAQ8AMIIBCgKCAQEAzhzezt2lGa/jyjBHVgno\nd0tOlMa1IR78N0LQxYo2DXxr6LiREsiyxATTYkGLtXbilSvUNC8bigzsQ+ntcpVp\n+mB/VyIN12PEnQ4QOp3fIS2eQov7WQCCWTaYSYohMVq6J0xxwLXnlN/9O5fafg5q\nCIMWP5SXdY4Ccs48dmax4qwDEy2oiuAoJFANOZjmEG4C+bk965Qju+Dxfygv2VxL\nPDkkB5I5otgIT/mYcVa3gUxmHx9RN9z7dTHj76cSeCLNthyqC0ORzPmsrHU9KKhM\njk8z4utz7KiJouih7doQv79f+r7l8hZ5DPXxckkQCp8HkVZD5UkMudwcCP96hr79\nYwIDAQAB\n-----END PUBLIC KEY-----\n",
            "rsa_bits": 2048
          },
          "sensitive_attributes": []
        }
      ]
    }
  ],
  "check_results": null
}
